// !$*UTF8*$!
{
	archiveVersion = 1;
	classes = {
	};
	objectVersion = 48;
	objects = {

/* Begin PBXBuildFile section */
		5F4F05D7CFC8171CECE7FA91 /* Pods_MoJoe.framework in Frameworks */ = {isa = PBXBuildFile; fileRef = ABE5188F47E28591D566832E /* Pods_MoJoe.framework */; };
		7E312B2F212C98E3009D7F83 /* AppDelegate.swift in Sources */ = {isa = PBXBuildFile; fileRef = 7E312B2E212C98E3009D7F83 /* AppDelegate.swift */; };
		7E312B36212C98E3009D7F83 /* Main.storyboard in Resources */ = {isa = PBXBuildFile; fileRef = 7E312B34212C98E3009D7F83 /* Main.storyboard */; };
		7E312B38212C98E3009D7F83 /* Assets.xcassets in Resources */ = {isa = PBXBuildFile; fileRef = 7E312B37212C98E3009D7F83 /* Assets.xcassets */; };
		7E312B3B212C98E3009D7F83 /* LaunchScreen.storyboard in Resources */ = {isa = PBXBuildFile; fileRef = 7E312B39212C98E3009D7F83 /* LaunchScreen.storyboard */; };
		8166FFFD24468BF600C9705D /* GoogleService-Info.plist in Resources */ = {isa = PBXBuildFile; fileRef = 8166FFFC24468BF600C9705D /* GoogleService-Info.plist */; };
		8178AC672495BC2500AB42C2 /* AppLoadingViewController.swift in Sources */ = {isa = PBXBuildFile; fileRef = 8178AC512495BC2500AB42C2 /* AppLoadingViewController.swift */; };
		8178AC682495BC2500AB42C2 /* CommentsForBrewDebut.swift in Sources */ = {isa = PBXBuildFile; fileRef = 8178AC522495BC2500AB42C2 /* CommentsForBrewDebut.swift */; };
		8178AC692495BC2500AB42C2 /* DebutYourBrew.swift in Sources */ = {isa = PBXBuildFile; fileRef = 8178AC532495BC2500AB42C2 /* DebutYourBrew.swift */; };
		8178AC6A2495BC2500AB42C2 /* setUpProfileView.swift in Sources */ = {isa = PBXBuildFile; fileRef = 8178AC542495BC2500AB42C2 /* setUpProfileView.swift */; };
		8178AC6B2495BC2500AB42C2 /* ShopsFeedView.swift in Sources */ = {isa = PBXBuildFile; fileRef = 8178AC552495BC2500AB42C2 /* ShopsFeedView.swift */; };
		8178AC6C2495BC2500AB42C2 /* OtherUserProfilePage.swift in Sources */ = {isa = PBXBuildFile; fileRef = 8178AC562495BC2500AB42C2 /* OtherUserProfilePage.swift */; };
		8178AC6E2495BC2500AB42C2 /* FifthViewController.swift in Sources */ = {isa = PBXBuildFile; fileRef = 8178AC582495BC2500AB42C2 /* FifthViewController.swift */; };
		8178AC6F2495BC2500AB42C2 /* FeedSwitcher.swift in Sources */ = {isa = PBXBuildFile; fileRef = 8178AC592495BC2500AB42C2 /* FeedSwitcher.swift */; };
		8178AC702495BC2500AB42C2 /* InitialViewController.swift in Sources */ = {isa = PBXBuildFile; fileRef = 8178AC5A2495BC2500AB42C2 /* InitialViewController.swift */; };
		8178AC712495BC2500AB42C2 /* CommentsForShopReview.swift in Sources */ = {isa = PBXBuildFile; fileRef = 8178AC5B2495BC2500AB42C2 /* CommentsForShopReview.swift */; };
		8178AC722495BC2500AB42C2 /* currentUserShops.swift in Sources */ = {isa = PBXBuildFile; fileRef = 8178AC5C2495BC2500AB42C2 /* currentUserShops.swift */; };
		8178AC732495BC2500AB42C2 /* MainTabController.swift in Sources */ = {isa = PBXBuildFile; fileRef = 8178AC5D2495BC2500AB42C2 /* MainTabController.swift */; };
		8178AC742495BC2500AB42C2 /* ShopReviewSheet.swift in Sources */ = {isa = PBXBuildFile; fileRef = 8178AC5E2495BC2500AB42C2 /* ShopReviewSheet.swift */; };
		8178AC752495BC2500AB42C2 /* NearbyFeedViewController.swift in Sources */ = {isa = PBXBuildFile; fileRef = 8178AC5F2495BC2500AB42C2 /* NearbyFeedViewController.swift */; };
		8178AC762495BC2500AB42C2 /* FeedPageViewController.swift in Sources */ = {isa = PBXBuildFile; fileRef = 8178AC602495BC2500AB42C2 /* FeedPageViewController.swift */; };
		8178AC772495BC2500AB42C2 /* UserLikesViewController.swift in Sources */ = {isa = PBXBuildFile; fileRef = 8178AC612495BC2500AB42C2 /* UserLikesViewController.swift */; };
		8178AC782495BC2500AB42C2 /* EditProfile.swift in Sources */ = {isa = PBXBuildFile; fileRef = 8178AC622495BC2500AB42C2 /* EditProfile.swift */; };
		8178AC792495BC2500AB42C2 /* RealLoginViewController.swift in Sources */ = {isa = PBXBuildFile; fileRef = 8178AC632495BC2500AB42C2 /* RealLoginViewController.swift */; };
		8178AC7A2495BC2500AB42C2 /* CoffeeShopView.swift in Sources */ = {isa = PBXBuildFile; fileRef = 8178AC642495BC2500AB42C2 /* CoffeeShopView.swift */; };
		8178AC7B2495BC2500AB42C2 /* EmailRegistrationViewController.swift in Sources */ = {isa = PBXBuildFile; fileRef = 8178AC652495BC2500AB42C2 /* EmailRegistrationViewController.swift */; };
		8178AC7C2495BC2500AB42C2 /* VisitReviewViewController.swift in Sources */ = {isa = PBXBuildFile; fileRef = 8178AC662495BC2500AB42C2 /* VisitReviewViewController.swift */; };
		8178AC862495BC3800AB42C2 /* Date.swift in Sources */ = {isa = PBXBuildFile; fileRef = 8178AC7E2495BC3800AB42C2 /* Date.swift */; };
		8178AC872495BC3800AB42C2 /* UserGenericPost.swift in Sources */ = {isa = PBXBuildFile; fileRef = 8178AC7F2495BC3800AB42C2 /* UserGenericPost.swift */; };
		8178AC882495BC3800AB42C2 /* comment.swift in Sources */ = {isa = PBXBuildFile; fileRef = 8178AC802495BC3800AB42C2 /* comment.swift */; };
		8178AC892495BC3800AB42C2 /* ShopReview.swift in Sources */ = {isa = PBXBuildFile; fileRef = 8178AC812495BC3800AB42C2 /* ShopReview.swift */; };
		8178AC8A2495BC3800AB42C2 /* BrewDebut.swift in Sources */ = {isa = PBXBuildFile; fileRef = 8178AC822495BC3800AB42C2 /* BrewDebut.swift */; };
		8178AC8B2495BC3800AB42C2 /* User.swift in Sources */ = {isa = PBXBuildFile; fileRef = 8178AC832495BC3800AB42C2 /* User.swift */; };
		8178AC8C2495BC3800AB42C2 /* ReviewHelper.swift in Sources */ = {isa = PBXBuildFile; fileRef = 8178AC842495BC3800AB42C2 /* ReviewHelper.swift */; };
		8178AC8D2495BC3800AB42C2 /* GenericPostForLikes.swift in Sources */ = {isa = PBXBuildFile; fileRef = 8178AC852495BC3800AB42C2 /* GenericPostForLikes.swift */; };
		8178ACAB2495BC4100AB42C2 /* BrewTypeCVCell.swift in Sources */ = {isa = PBXBuildFile; fileRef = 8178AC8F2495BC4100AB42C2 /* BrewTypeCVCell.swift */; };
		8178ACAD2495BC4100AB42C2 /* PostComment.swift in Sources */ = {isa = PBXBuildFile; fileRef = 8178AC912495BC4100AB42C2 /* PostComment.swift */; };
		8178ACAE2495BC4100AB42C2 /* RoastTypeCVCell.swift in Sources */ = {isa = PBXBuildFile; fileRef = 8178AC922495BC4100AB42C2 /* RoastTypeCVCell.swift */; };
		8178ACAF2495BC4100AB42C2 /* GenericPostTableViewCell.swift in Sources */ = {isa = PBXBuildFile; fileRef = 8178AC932495BC4100AB42C2 /* GenericPostTableViewCell.swift */; };
		8178ACB02495BC4100AB42C2 /* PostCellOnCommentsPage.swift in Sources */ = {isa = PBXBuildFile; fileRef = 8178AC942495BC4100AB42C2 /* PostCellOnCommentsPage.swift */; };
		8178ACB12495BC4100AB42C2 /* SingleLabelCollectionViewCell.swift in Sources */ = {isa = PBXBuildFile; fileRef = 8178AC952495BC4100AB42C2 /* SingleLabelCollectionViewCell.swift */; };
		8178ACB22495BC4100AB42C2 /* OtherUserImageCollectionViewCell.swift in Sources */ = {isa = PBXBuildFile; fileRef = 8178AC962495BC4100AB42C2 /* OtherUserImageCollectionViewCell.swift */; };
		8178ACB42495BC4100AB42C2 /* RoundButton.swift in Sources */ = {isa = PBXBuildFile; fileRef = 8178AC982495BC4100AB42C2 /* RoundButton.swift */; };
		8178ACB52495BC4100AB42C2 /* ShopTagReviewFeedCVCell.swift in Sources */ = {isa = PBXBuildFile; fileRef = 8178AC992495BC4100AB42C2 /* ShopTagReviewFeedCVCell.swift */; };
		8178ACB62495BC4100AB42C2 /* BrewDebutCommentCell.swift in Sources */ = {isa = PBXBuildFile; fileRef = 8178AC9A2495BC4100AB42C2 /* BrewDebutCommentCell.swift */; };
		8178ACB72495BC4100AB42C2 /* SRRatingCell.swift in Sources */ = {isa = PBXBuildFile; fileRef = 8178AC9C2495BC4100AB42C2 /* SRRatingCell.swift */; };
		8178ACB82495BC4100AB42C2 /* CMRoastCell.swift in Sources */ = {isa = PBXBuildFile; fileRef = 8178AC9D2495BC4100AB42C2 /* CMRoastCell.swift */; };
		8178ACB92495BC4100AB42C2 /* CMBCell.swift in Sources */ = {isa = PBXBuildFile; fileRef = 8178AC9E2495BC4100AB42C2 /* CMBCell.swift */; };
		8178ACBB2495BC4100AB42C2 /* CMLCell.swift in Sources */ = {isa = PBXBuildFile; fileRef = 8178ACA02495BC4100AB42C2 /* CMLCell.swift */; };
		8178ACBC2495BC4100AB42C2 /* SRCoffeeTypeCell.swift in Sources */ = {isa = PBXBuildFile; fileRef = 8178ACA12495BC4100AB42C2 /* SRCoffeeTypeCell.swift */; };
		8178ACBD2495BC4100AB42C2 /* SRLocationCell.swift in Sources */ = {isa = PBXBuildFile; fileRef = 8178ACA22495BC4100AB42C2 /* SRLocationCell.swift */; };
		8178ACBE2495BC4100AB42C2 /* CMRcell.swift in Sources */ = {isa = PBXBuildFile; fileRef = 8178ACA32495BC4100AB42C2 /* CMRcell.swift */; };
		8178ACBF2495BC4100AB42C2 /* CMRatingCell.swift in Sources */ = {isa = PBXBuildFile; fileRef = 8178ACA42495BC4100AB42C2 /* CMRatingCell.swift */; };
		8178ACC02495BC4100AB42C2 /* SRReviewCell.swift in Sources */ = {isa = PBXBuildFile; fileRef = 8178ACA52495BC4100AB42C2 /* SRReviewCell.swift */; };
		8178ACC22495BC4100AB42C2 /* likedPostTableViewCell.swift in Sources */ = {isa = PBXBuildFile; fileRef = 8178ACA72495BC4100AB42C2 /* likedPostTableViewCell.swift */; };
		8178ACC32495BC4100AB42C2 /* UserPostPictureCollectionViewCell.swift in Sources */ = {isa = PBXBuildFile; fileRef = 8178ACA82495BC4100AB42C2 /* UserPostPictureCollectionViewCell.swift */; };
		8178ACC42495BC4100AB42C2 /* ShopReviewCell.swift in Sources */ = {isa = PBXBuildFile; fileRef = 8178ACA92495BC4100AB42C2 /* ShopReviewCell.swift */; };
		8178ACC52495BC4100AB42C2 /* BrewDebutCell.swift in Sources */ = {isa = PBXBuildFile; fileRef = 8178ACAA2495BC4100AB42C2 /* BrewDebutCell.swift */; };
		818416CE249BEB28003E8D98 /* MoJoeShopReviewTests.swift in Sources */ = {isa = PBXBuildFile; fileRef = 818416CD249BEB28003E8D98 /* MoJoeShopReviewTests.swift */; };
		81CD57CD24A05D47006311CC /* MoJoeDateTests.swift in Sources */ = {isa = PBXBuildFile; fileRef = 81CD57CC24A05D47006311CC /* MoJoeDateTests.swift */; };
		81CD57DB24A062BC006311CC /* MoJoeUITests.swift in Sources */ = {isa = PBXBuildFile; fileRef = 81CD57DA24A062BC006311CC /* MoJoeUITests.swift */; };
/* End PBXBuildFile section */

/* Begin PBXContainerItemProxy section */
		818416D0249BEB28003E8D98 /* PBXContainerItemProxy */ = {
			isa = PBXContainerItemProxy;
			containerPortal = 7E312B23212C98E3009D7F83 /* Project object */;
			proxyType = 1;
			remoteGlobalIDString = 7E312B2A212C98E3009D7F83;
			remoteInfo = MoJoe;
		};
		81CD57CF24A05D47006311CC /* PBXContainerItemProxy */ = {
			isa = PBXContainerItemProxy;
			containerPortal = 7E312B23212C98E3009D7F83 /* Project object */;
			proxyType = 1;
			remoteGlobalIDString = 7E312B2A212C98E3009D7F83;
			remoteInfo = MoJoe;
		};
		81CD57DD24A062BC006311CC /* PBXContainerItemProxy */ = {
			isa = PBXContainerItemProxy;
			containerPortal = 7E312B23212C98E3009D7F83 /* Project object */;
			proxyType = 1;
			remoteGlobalIDString = 7E312B2A212C98E3009D7F83;
			remoteInfo = MoJoe;
		};
/* End PBXContainerItemProxy section */

/* Begin PBXFileReference section */
		68B6CEEA1D516D622CE5F1CC /* Pods-MoJoe.release.xcconfig */ = {isa = PBXFileReference; includeInIndex = 1; lastKnownFileType = text.xcconfig; name = "Pods-MoJoe.release.xcconfig"; path = "Pods/Target Support Files/Pods-MoJoe/Pods-MoJoe.release.xcconfig"; sourceTree = "<group>"; };
		7E312B2B212C98E3009D7F83 /* MoJoe.app */ = {isa = PBXFileReference; explicitFileType = wrapper.application; includeInIndex = 0; path = MoJoe.app; sourceTree = BUILT_PRODUCTS_DIR; };
		7E312B2E212C98E3009D7F83 /* AppDelegate.swift */ = {isa = PBXFileReference; lastKnownFileType = sourcecode.swift; path = AppDelegate.swift; sourceTree = "<group>"; };
		7E312B35212C98E3009D7F83 /* Base */ = {isa = PBXFileReference; lastKnownFileType = file.storyboard; name = Base; path = Base.lproj/Main.storyboard; sourceTree = "<group>"; };
		7E312B37212C98E3009D7F83 /* Assets.xcassets */ = {isa = PBXFileReference; lastKnownFileType = folder.assetcatalog; path = Assets.xcassets; sourceTree = "<group>"; };
		7E312B3A212C98E3009D7F83 /* Base */ = {isa = PBXFileReference; lastKnownFileType = file.storyboard; name = Base; path = Base.lproj/LaunchScreen.storyboard; sourceTree = "<group>"; };
		7E312B3C212C98E3009D7F83 /* Info.plist */ = {isa = PBXFileReference; lastKnownFileType = text.plist.xml; path = Info.plist; sourceTree = "<group>"; };
		8141909D21E18E7B000BE77F /* MoJoe.entitlements */ = {isa = PBXFileReference; lastKnownFileType = text.plist.entitlements; path = MoJoe.entitlements; sourceTree = "<group>"; };
		8166FFFC24468BF600C9705D /* GoogleService-Info.plist */ = {isa = PBXFileReference; fileEncoding = 4; lastKnownFileType = text.plist.xml; path = "GoogleService-Info.plist"; sourceTree = "<group>"; };
		8178AC512495BC2500AB42C2 /* AppLoadingViewController.swift */ = {isa = PBXFileReference; fileEncoding = 4; lastKnownFileType = sourcecode.swift; path = AppLoadingViewController.swift; sourceTree = "<group>"; };
		8178AC522495BC2500AB42C2 /* CommentsForBrewDebut.swift */ = {isa = PBXFileReference; fileEncoding = 4; lastKnownFileType = sourcecode.swift; path = CommentsForBrewDebut.swift; sourceTree = "<group>"; };
		8178AC532495BC2500AB42C2 /* DebutYourBrew.swift */ = {isa = PBXFileReference; fileEncoding = 4; lastKnownFileType = sourcecode.swift; path = DebutYourBrew.swift; sourceTree = "<group>"; };
		8178AC542495BC2500AB42C2 /* setUpProfileView.swift */ = {isa = PBXFileReference; fileEncoding = 4; lastKnownFileType = sourcecode.swift; path = setUpProfileView.swift; sourceTree = "<group>"; };
		8178AC552495BC2500AB42C2 /* ShopsFeedView.swift */ = {isa = PBXFileReference; fileEncoding = 4; lastKnownFileType = sourcecode.swift; path = ShopsFeedView.swift; sourceTree = "<group>"; };
		8178AC562495BC2500AB42C2 /* OtherUserProfilePage.swift */ = {isa = PBXFileReference; fileEncoding = 4; lastKnownFileType = sourcecode.swift; path = OtherUserProfilePage.swift; sourceTree = "<group>"; };
		8178AC582495BC2500AB42C2 /* FifthViewController.swift */ = {isa = PBXFileReference; fileEncoding = 4; lastKnownFileType = sourcecode.swift; path = FifthViewController.swift; sourceTree = "<group>"; };
		8178AC592495BC2500AB42C2 /* FeedSwitcher.swift */ = {isa = PBXFileReference; fileEncoding = 4; lastKnownFileType = sourcecode.swift; path = FeedSwitcher.swift; sourceTree = "<group>"; };
		8178AC5A2495BC2500AB42C2 /* InitialViewController.swift */ = {isa = PBXFileReference; fileEncoding = 4; lastKnownFileType = sourcecode.swift; path = InitialViewController.swift; sourceTree = "<group>"; };
		8178AC5B2495BC2500AB42C2 /* CommentsForShopReview.swift */ = {isa = PBXFileReference; fileEncoding = 4; lastKnownFileType = sourcecode.swift; path = CommentsForShopReview.swift; sourceTree = "<group>"; };
		8178AC5C2495BC2500AB42C2 /* currentUserShops.swift */ = {isa = PBXFileReference; fileEncoding = 4; lastKnownFileType = sourcecode.swift; path = currentUserShops.swift; sourceTree = "<group>"; };
		8178AC5D2495BC2500AB42C2 /* MainTabController.swift */ = {isa = PBXFileReference; fileEncoding = 4; lastKnownFileType = sourcecode.swift; path = MainTabController.swift; sourceTree = "<group>"; };
		8178AC5E2495BC2500AB42C2 /* ShopReviewSheet.swift */ = {isa = PBXFileReference; fileEncoding = 4; lastKnownFileType = sourcecode.swift; path = ShopReviewSheet.swift; sourceTree = "<group>"; };
		8178AC5F2495BC2500AB42C2 /* NearbyFeedViewController.swift */ = {isa = PBXFileReference; fileEncoding = 4; lastKnownFileType = sourcecode.swift; path = NearbyFeedViewController.swift; sourceTree = "<group>"; };
		8178AC602495BC2500AB42C2 /* FeedPageViewController.swift */ = {isa = PBXFileReference; fileEncoding = 4; lastKnownFileType = sourcecode.swift; path = FeedPageViewController.swift; sourceTree = "<group>"; };
		8178AC612495BC2500AB42C2 /* UserLikesViewController.swift */ = {isa = PBXFileReference; fileEncoding = 4; lastKnownFileType = sourcecode.swift; path = UserLikesViewController.swift; sourceTree = "<group>"; };
		8178AC622495BC2500AB42C2 /* EditProfile.swift */ = {isa = PBXFileReference; fileEncoding = 4; lastKnownFileType = sourcecode.swift; path = EditProfile.swift; sourceTree = "<group>"; };
		8178AC632495BC2500AB42C2 /* RealLoginViewController.swift */ = {isa = PBXFileReference; fileEncoding = 4; lastKnownFileType = sourcecode.swift; path = RealLoginViewController.swift; sourceTree = "<group>"; };
		8178AC642495BC2500AB42C2 /* CoffeeShopView.swift */ = {isa = PBXFileReference; fileEncoding = 4; lastKnownFileType = sourcecode.swift; path = CoffeeShopView.swift; sourceTree = "<group>"; };
		8178AC652495BC2500AB42C2 /* EmailRegistrationViewController.swift */ = {isa = PBXFileReference; fileEncoding = 4; lastKnownFileType = sourcecode.swift; path = EmailRegistrationViewController.swift; sourceTree = "<group>"; };
		8178AC662495BC2500AB42C2 /* VisitReviewViewController.swift */ = {isa = PBXFileReference; fileEncoding = 4; lastKnownFileType = sourcecode.swift; path = VisitReviewViewController.swift; sourceTree = "<group>"; };
		8178AC7E2495BC3800AB42C2 /* Date.swift */ = {isa = PBXFileReference; fileEncoding = 4; lastKnownFileType = sourcecode.swift; path = Date.swift; sourceTree = "<group>"; };
		8178AC7F2495BC3800AB42C2 /* UserGenericPost.swift */ = {isa = PBXFileReference; fileEncoding = 4; lastKnownFileType = sourcecode.swift; path = UserGenericPost.swift; sourceTree = "<group>"; };
		8178AC802495BC3800AB42C2 /* comment.swift */ = {isa = PBXFileReference; fileEncoding = 4; lastKnownFileType = sourcecode.swift; path = comment.swift; sourceTree = "<group>"; };
		8178AC812495BC3800AB42C2 /* ShopReview.swift */ = {isa = PBXFileReference; fileEncoding = 4; lastKnownFileType = sourcecode.swift; path = ShopReview.swift; sourceTree = "<group>"; };
		8178AC822495BC3800AB42C2 /* BrewDebut.swift */ = {isa = PBXFileReference; fileEncoding = 4; lastKnownFileType = sourcecode.swift; path = BrewDebut.swift; sourceTree = "<group>"; };
		8178AC832495BC3800AB42C2 /* User.swift */ = {isa = PBXFileReference; fileEncoding = 4; lastKnownFileType = sourcecode.swift; path = User.swift; sourceTree = "<group>"; };
		8178AC842495BC3800AB42C2 /* ReviewHelper.swift */ = {isa = PBXFileReference; fileEncoding = 4; lastKnownFileType = sourcecode.swift; path = ReviewHelper.swift; sourceTree = "<group>"; };
		8178AC852495BC3800AB42C2 /* GenericPostForLikes.swift */ = {isa = PBXFileReference; fileEncoding = 4; lastKnownFileType = sourcecode.swift; path = GenericPostForLikes.swift; sourceTree = "<group>"; };
		8178AC8F2495BC4100AB42C2 /* BrewTypeCVCell.swift */ = {isa = PBXFileReference; fileEncoding = 4; lastKnownFileType = sourcecode.swift; path = BrewTypeCVCell.swift; sourceTree = "<group>"; };
		8178AC912495BC4100AB42C2 /* PostComment.swift */ = {isa = PBXFileReference; fileEncoding = 4; lastKnownFileType = sourcecode.swift; path = PostComment.swift; sourceTree = "<group>"; };
		8178AC922495BC4100AB42C2 /* RoastTypeCVCell.swift */ = {isa = PBXFileReference; fileEncoding = 4; lastKnownFileType = sourcecode.swift; path = RoastTypeCVCell.swift; sourceTree = "<group>"; };
		8178AC932495BC4100AB42C2 /* GenericPostTableViewCell.swift */ = {isa = PBXFileReference; fileEncoding = 4; lastKnownFileType = sourcecode.swift; path = GenericPostTableViewCell.swift; sourceTree = "<group>"; };
		8178AC942495BC4100AB42C2 /* PostCellOnCommentsPage.swift */ = {isa = PBXFileReference; fileEncoding = 4; lastKnownFileType = sourcecode.swift; path = PostCellOnCommentsPage.swift; sourceTree = "<group>"; };
		8178AC952495BC4100AB42C2 /* SingleLabelCollectionViewCell.swift */ = {isa = PBXFileReference; fileEncoding = 4; lastKnownFileType = sourcecode.swift; path = SingleLabelCollectionViewCell.swift; sourceTree = "<group>"; };
		8178AC962495BC4100AB42C2 /* OtherUserImageCollectionViewCell.swift */ = {isa = PBXFileReference; fileEncoding = 4; lastKnownFileType = sourcecode.swift; path = OtherUserImageCollectionViewCell.swift; sourceTree = "<group>"; };
		8178AC982495BC4100AB42C2 /* RoundButton.swift */ = {isa = PBXFileReference; fileEncoding = 4; lastKnownFileType = sourcecode.swift; path = RoundButton.swift; sourceTree = "<group>"; };
		8178AC992495BC4100AB42C2 /* ShopTagReviewFeedCVCell.swift */ = {isa = PBXFileReference; fileEncoding = 4; lastKnownFileType = sourcecode.swift; path = ShopTagReviewFeedCVCell.swift; sourceTree = "<group>"; };
		8178AC9A2495BC4100AB42C2 /* BrewDebutCommentCell.swift */ = {isa = PBXFileReference; fileEncoding = 4; lastKnownFileType = sourcecode.swift; path = BrewDebutCommentCell.swift; sourceTree = "<group>"; };
		8178AC9C2495BC4100AB42C2 /* SRRatingCell.swift */ = {isa = PBXFileReference; fileEncoding = 4; lastKnownFileType = sourcecode.swift; path = SRRatingCell.swift; sourceTree = "<group>"; };
		8178AC9D2495BC4100AB42C2 /* CMRoastCell.swift */ = {isa = PBXFileReference; fileEncoding = 4; lastKnownFileType = sourcecode.swift; path = CMRoastCell.swift; sourceTree = "<group>"; };
		8178AC9E2495BC4100AB42C2 /* CMBCell.swift */ = {isa = PBXFileReference; fileEncoding = 4; lastKnownFileType = sourcecode.swift; path = CMBCell.swift; sourceTree = "<group>"; };
		8178ACA02495BC4100AB42C2 /* CMLCell.swift */ = {isa = PBXFileReference; fileEncoding = 4; lastKnownFileType = sourcecode.swift; path = CMLCell.swift; sourceTree = "<group>"; };
		8178ACA12495BC4100AB42C2 /* SRCoffeeTypeCell.swift */ = {isa = PBXFileReference; fileEncoding = 4; lastKnownFileType = sourcecode.swift; path = SRCoffeeTypeCell.swift; sourceTree = "<group>"; };
		8178ACA22495BC4100AB42C2 /* SRLocationCell.swift */ = {isa = PBXFileReference; fileEncoding = 4; lastKnownFileType = sourcecode.swift; path = SRLocationCell.swift; sourceTree = "<group>"; };
		8178ACA32495BC4100AB42C2 /* CMRcell.swift */ = {isa = PBXFileReference; fileEncoding = 4; lastKnownFileType = sourcecode.swift; path = CMRcell.swift; sourceTree = "<group>"; };
		8178ACA42495BC4100AB42C2 /* CMRatingCell.swift */ = {isa = PBXFileReference; fileEncoding = 4; lastKnownFileType = sourcecode.swift; path = CMRatingCell.swift; sourceTree = "<group>"; };
		8178ACA52495BC4100AB42C2 /* SRReviewCell.swift */ = {isa = PBXFileReference; fileEncoding = 4; lastKnownFileType = sourcecode.swift; path = SRReviewCell.swift; sourceTree = "<group>"; };
		8178ACA72495BC4100AB42C2 /* likedPostTableViewCell.swift */ = {isa = PBXFileReference; fileEncoding = 4; lastKnownFileType = sourcecode.swift; path = likedPostTableViewCell.swift; sourceTree = "<group>"; };
		8178ACA82495BC4100AB42C2 /* UserPostPictureCollectionViewCell.swift */ = {isa = PBXFileReference; fileEncoding = 4; lastKnownFileType = sourcecode.swift; path = UserPostPictureCollectionViewCell.swift; sourceTree = "<group>"; };
		8178ACA92495BC4100AB42C2 /* ShopReviewCell.swift */ = {isa = PBXFileReference; fileEncoding = 4; lastKnownFileType = sourcecode.swift; path = ShopReviewCell.swift; sourceTree = "<group>"; };
		8178ACAA2495BC4100AB42C2 /* BrewDebutCell.swift */ = {isa = PBXFileReference; fileEncoding = 4; lastKnownFileType = sourcecode.swift; path = BrewDebutCell.swift; sourceTree = "<group>"; };
		818416CB249BEB28003E8D98 /* MoJoeShopReviewTests.xctest */ = {isa = PBXFileReference; explicitFileType = wrapper.cfbundle; includeInIndex = 0; path = MoJoeShopReviewTests.xctest; sourceTree = BUILT_PRODUCTS_DIR; };
		818416CD249BEB28003E8D98 /* MoJoeShopReviewTests.swift */ = {isa = PBXFileReference; lastKnownFileType = sourcecode.swift; path = MoJoeShopReviewTests.swift; sourceTree = "<group>"; };
		818416CF249BEB28003E8D98 /* Info.plist */ = {isa = PBXFileReference; lastKnownFileType = text.plist.xml; path = Info.plist; sourceTree = "<group>"; };
		81CD57CA24A05D47006311CC /* MoJoeDateTests.xctest */ = {isa = PBXFileReference; explicitFileType = wrapper.cfbundle; includeInIndex = 0; path = MoJoeDateTests.xctest; sourceTree = BUILT_PRODUCTS_DIR; };
		81CD57CC24A05D47006311CC /* MoJoeDateTests.swift */ = {isa = PBXFileReference; lastKnownFileType = sourcecode.swift; path = MoJoeDateTests.swift; sourceTree = "<group>"; };
		81CD57CE24A05D47006311CC /* Info.plist */ = {isa = PBXFileReference; lastKnownFileType = text.plist.xml; path = Info.plist; sourceTree = "<group>"; };
		81CD57D824A062BC006311CC /* MoJoeUITests.xctest */ = {isa = PBXFileReference; explicitFileType = wrapper.cfbundle; includeInIndex = 0; path = MoJoeUITests.xctest; sourceTree = BUILT_PRODUCTS_DIR; };
		81CD57DA24A062BC006311CC /* MoJoeUITests.swift */ = {isa = PBXFileReference; lastKnownFileType = sourcecode.swift; path = MoJoeUITests.swift; sourceTree = "<group>"; };
		81CD57DC24A062BC006311CC /* Info.plist */ = {isa = PBXFileReference; lastKnownFileType = text.plist.xml; path = Info.plist; sourceTree = "<group>"; };
		97D18275BB04A6374CA5EF50 /* Pods-MoJoe.debug.xcconfig */ = {isa = PBXFileReference; includeInIndex = 1; lastKnownFileType = text.xcconfig; name = "Pods-MoJoe.debug.xcconfig"; path = "Pods/Target Support Files/Pods-MoJoe/Pods-MoJoe.debug.xcconfig"; sourceTree = "<group>"; };
		ABE5188F47E28591D566832E /* Pods_MoJoe.framework */ = {isa = PBXFileReference; explicitFileType = wrapper.framework; includeInIndex = 0; path = Pods_MoJoe.framework; sourceTree = BUILT_PRODUCTS_DIR; };
/* End PBXFileReference section */

/* Begin PBXFrameworksBuildPhase section */
		7E312B28212C98E3009D7F83 /* Frameworks */ = {
			isa = PBXFrameworksBuildPhase;
			buildActionMask = 2147483647;
			files = (
				5F4F05D7CFC8171CECE7FA91 /* Pods_MoJoe.framework in Frameworks */,
			);
			runOnlyForDeploymentPostprocessing = 0;
		};
		818416C8249BEB28003E8D98 /* Frameworks */ = {
			isa = PBXFrameworksBuildPhase;
			buildActionMask = 2147483647;
			files = (
			);
			runOnlyForDeploymentPostprocessing = 0;
		};
		81CD57C724A05D47006311CC /* Frameworks */ = {
			isa = PBXFrameworksBuildPhase;
			buildActionMask = 2147483647;
			files = (
			);
			runOnlyForDeploymentPostprocessing = 0;
		};
		81CD57D524A062BC006311CC /* Frameworks */ = {
			isa = PBXFrameworksBuildPhase;
			buildActionMask = 2147483647;
			files = (
			);
			runOnlyForDeploymentPostprocessing = 0;
		};
/* End PBXFrameworksBuildPhase section */

/* Begin PBXGroup section */
		53E66F58F74544B70ED04B4E /* Pods */ = {
			isa = PBXGroup;
			children = (
				97D18275BB04A6374CA5EF50 /* Pods-MoJoe.debug.xcconfig */,
				68B6CEEA1D516D622CE5F1CC /* Pods-MoJoe.release.xcconfig */,
			);
			name = Pods;
			sourceTree = "<group>";
		};
		7E312B22212C98E3009D7F83 = {
			isa = PBXGroup;
			children = (
				7E312B2D212C98E3009D7F83 /* MoJoe */,
				7E312B3C212C98E3009D7F83 /* Info.plist */,
				8141909D21E18E7B000BE77F /* MoJoe.entitlements */,
				818416CC249BEB28003E8D98 /* MoJoeShopReviewTests */,
				81CD57CB24A05D47006311CC /* MoJoeDateTests */,
				81CD57D924A062BC006311CC /* MoJoeUITests */,
				7E312B2C212C98E3009D7F83 /* Products */,
				53E66F58F74544B70ED04B4E /* Pods */,
				81ADB2C6FCFA71631D2CCC77 /* Frameworks */,
			);
			sourceTree = "<group>";
		};
		7E312B2C212C98E3009D7F83 /* Products */ = {
			isa = PBXGroup;
			children = (
				7E312B2B212C98E3009D7F83 /* MoJoe.app */,
				818416CB249BEB28003E8D98 /* MoJoeShopReviewTests.xctest */,
				81CD57CA24A05D47006311CC /* MoJoeDateTests.xctest */,
				81CD57D824A062BC006311CC /* MoJoeUITests.xctest */,
			);
			name = Products;
			sourceTree = "<group>";
		};
		7E312B2D212C98E3009D7F83 /* MoJoe */ = {
			isa = PBXGroup;
			children = (
				8178AC7D2495BC3800AB42C2 /* Models */,
				8178AC8E2495BC4100AB42C2 /* Views */,
				8178AC502495BC2500AB42C2 /* Controllers */,
				7E312B34212C98E3009D7F83 /* Main.storyboard */,
				815292D52316C7E1008AB219 /* Stuff I never use */,
				7E312B37212C98E3009D7F83 /* Assets.xcassets */,
			);
			path = MoJoe;
			sourceTree = "<group>";
		};
		815292D52316C7E1008AB219 /* Stuff I never use */ = {
			isa = PBXGroup;
			children = (
				8166FFFC24468BF600C9705D /* GoogleService-Info.plist */,
				7E312B2E212C98E3009D7F83 /* AppDelegate.swift */,
				7E312B39212C98E3009D7F83 /* LaunchScreen.storyboard */,
			);
			path = "Stuff I never use";
			sourceTree = "<group>";
		};
		8178AC502495BC2500AB42C2 /* Controllers */ = {
			isa = PBXGroup;
			children = (
				8178AC512495BC2500AB42C2 /* AppLoadingViewController.swift */,
				8178AC522495BC2500AB42C2 /* CommentsForBrewDebut.swift */,
				8178AC532495BC2500AB42C2 /* DebutYourBrew.swift */,
				8178AC542495BC2500AB42C2 /* setUpProfileView.swift */,
				8178AC552495BC2500AB42C2 /* ShopsFeedView.swift */,
				8178AC562495BC2500AB42C2 /* OtherUserProfilePage.swift */,
				8178AC582495BC2500AB42C2 /* FifthViewController.swift */,
				8178AC592495BC2500AB42C2 /* FeedSwitcher.swift */,
				8178AC5A2495BC2500AB42C2 /* InitialViewController.swift */,
				8178AC5B2495BC2500AB42C2 /* CommentsForShopReview.swift */,
				8178AC5C2495BC2500AB42C2 /* currentUserShops.swift */,
				8178AC5D2495BC2500AB42C2 /* MainTabController.swift */,
				8178AC5E2495BC2500AB42C2 /* ShopReviewSheet.swift */,
				8178AC5F2495BC2500AB42C2 /* NearbyFeedViewController.swift */,
				8178AC602495BC2500AB42C2 /* FeedPageViewController.swift */,
				8178AC612495BC2500AB42C2 /* UserLikesViewController.swift */,
				8178AC622495BC2500AB42C2 /* EditProfile.swift */,
				8178AC632495BC2500AB42C2 /* RealLoginViewController.swift */,
				8178AC642495BC2500AB42C2 /* CoffeeShopView.swift */,
				8178AC652495BC2500AB42C2 /* EmailRegistrationViewController.swift */,
				8178AC662495BC2500AB42C2 /* VisitReviewViewController.swift */,
			);
			path = Controllers;
			sourceTree = "<group>";
		};
		8178AC7D2495BC3800AB42C2 /* Models */ = {
			isa = PBXGroup;
			children = (
				8178AC7E2495BC3800AB42C2 /* Date.swift */,
				8178AC7F2495BC3800AB42C2 /* UserGenericPost.swift */,
				8178AC802495BC3800AB42C2 /* comment.swift */,
				8178AC812495BC3800AB42C2 /* ShopReview.swift */,
				8178AC822495BC3800AB42C2 /* BrewDebut.swift */,
				8178AC832495BC3800AB42C2 /* User.swift */,
				8178AC842495BC3800AB42C2 /* ReviewHelper.swift */,
				8178AC852495BC3800AB42C2 /* GenericPostForLikes.swift */,
			);
			path = Models;
			sourceTree = "<group>";
		};
		8178AC8E2495BC4100AB42C2 /* Views */ = {
			isa = PBXGroup;
			children = (
				8178AC8F2495BC4100AB42C2 /* BrewTypeCVCell.swift */,
				8178AC912495BC4100AB42C2 /* PostComment.swift */,
				8178AC922495BC4100AB42C2 /* RoastTypeCVCell.swift */,
				8178AC932495BC4100AB42C2 /* GenericPostTableViewCell.swift */,
				8178AC942495BC4100AB42C2 /* PostCellOnCommentsPage.swift */,
				8178AC952495BC4100AB42C2 /* SingleLabelCollectionViewCell.swift */,
				8178AC962495BC4100AB42C2 /* OtherUserImageCollectionViewCell.swift */,
				8178AC982495BC4100AB42C2 /* RoundButton.swift */,
				8178AC992495BC4100AB42C2 /* ShopTagReviewFeedCVCell.swift */,
				8178AC9A2495BC4100AB42C2 /* BrewDebutCommentCell.swift */,
				8178AC9B2495BC4100AB42C2 /* CustomMadeReviewCells */,
				8178ACA72495BC4100AB42C2 /* likedPostTableViewCell.swift */,
				8178ACA82495BC4100AB42C2 /* UserPostPictureCollectionViewCell.swift */,
				8178ACA92495BC4100AB42C2 /* ShopReviewCell.swift */,
				8178ACAA2495BC4100AB42C2 /* BrewDebutCell.swift */,
			);
			path = Views;
			sourceTree = "<group>";
		};
		8178AC9B2495BC4100AB42C2 /* CustomMadeReviewCells */ = {
			isa = PBXGroup;
			children = (
				8178AC9C2495BC4100AB42C2 /* SRRatingCell.swift */,
				8178AC9D2495BC4100AB42C2 /* CMRoastCell.swift */,
				8178AC9E2495BC4100AB42C2 /* CMBCell.swift */,
				8178ACA02495BC4100AB42C2 /* CMLCell.swift */,
				8178ACA12495BC4100AB42C2 /* SRCoffeeTypeCell.swift */,
				8178ACA22495BC4100AB42C2 /* SRLocationCell.swift */,
				8178ACA32495BC4100AB42C2 /* CMRcell.swift */,
				8178ACA42495BC4100AB42C2 /* CMRatingCell.swift */,
				8178ACA52495BC4100AB42C2 /* SRReviewCell.swift */,
			);
			path = CustomMadeReviewCells;
			sourceTree = "<group>";
		};
		818416CC249BEB28003E8D98 /* MoJoeShopReviewTests */ = {
			isa = PBXGroup;
			children = (
				818416CD249BEB28003E8D98 /* MoJoeShopReviewTests.swift */,
				818416CF249BEB28003E8D98 /* Info.plist */,
			);
			path = MoJoeShopReviewTests;
			sourceTree = "<group>";
		};
		81ADB2C6FCFA71631D2CCC77 /* Frameworks */ = {
			isa = PBXGroup;
			children = (
				ABE5188F47E28591D566832E /* Pods_MoJoe.framework */,
			);
			name = Frameworks;
			sourceTree = "<group>";
		};
		81CD57CB24A05D47006311CC /* MoJoeDateTests */ = {
			isa = PBXGroup;
			children = (
				81CD57CC24A05D47006311CC /* MoJoeDateTests.swift */,
				81CD57CE24A05D47006311CC /* Info.plist */,
			);
			path = MoJoeDateTests;
			sourceTree = "<group>";
		};
		81CD57D924A062BC006311CC /* MoJoeUITests */ = {
			isa = PBXGroup;
			children = (
				81CD57DA24A062BC006311CC /* MoJoeUITests.swift */,
				81CD57DC24A062BC006311CC /* Info.plist */,
			);
			path = MoJoeUITests;
			sourceTree = "<group>";
		};
/* End PBXGroup section */

/* Begin PBXNativeTarget section */
		7E312B2A212C98E3009D7F83 /* MoJoe */ = {
			isa = PBXNativeTarget;
			buildConfigurationList = 7E312B3F212C98E3009D7F83 /* Build configuration list for PBXNativeTarget "MoJoe" */;
			buildPhases = (
				4F849388545840523A60817C /* [CP] Check Pods Manifest.lock */,
				7E312B27212C98E3009D7F83 /* Sources */,
				7E312B28212C98E3009D7F83 /* Frameworks */,
				7E312B29212C98E3009D7F83 /* Resources */,
				ECB03876B670BCC8DE9E175D /* [CP] Embed Pods Frameworks */,
			);
			buildRules = (
			);
			dependencies = (
			);
			name = MoJoe;
			productName = MoJoe;
			productReference = 7E312B2B212C98E3009D7F83 /* MoJoe.app */;
			productType = "com.apple.product-type.application";
		};
		818416CA249BEB28003E8D98 /* MoJoeShopReviewTests */ = {
			isa = PBXNativeTarget;
			buildConfigurationList = 818416D2249BEB28003E8D98 /* Build configuration list for PBXNativeTarget "MoJoeShopReviewTests" */;
			buildPhases = (
				818416C7249BEB28003E8D98 /* Sources */,
				818416C8249BEB28003E8D98 /* Frameworks */,
				818416C9249BEB28003E8D98 /* Resources */,
			);
			buildRules = (
			);
			dependencies = (
				818416D1249BEB28003E8D98 /* PBXTargetDependency */,
			);
			name = MoJoeShopReviewTests;
			productName = MoJoeShopReviewTests;
			productReference = 818416CB249BEB28003E8D98 /* MoJoeShopReviewTests.xctest */;
			productType = "com.apple.product-type.bundle.unit-test";
		};
		81CD57C924A05D47006311CC /* MoJoeDateTests */ = {
			isa = PBXNativeTarget;
			buildConfigurationList = 81CD57D324A05D47006311CC /* Build configuration list for PBXNativeTarget "MoJoeDateTests" */;
			buildPhases = (
				81CD57C624A05D47006311CC /* Sources */,
				81CD57C724A05D47006311CC /* Frameworks */,
				81CD57C824A05D47006311CC /* Resources */,
			);
			buildRules = (
			);
			dependencies = (
				81CD57D024A05D47006311CC /* PBXTargetDependency */,
			);
			name = MoJoeDateTests;
			productName = MoJoeDateTests;
			productReference = 81CD57CA24A05D47006311CC /* MoJoeDateTests.xctest */;
			productType = "com.apple.product-type.bundle.unit-test";
		};
		81CD57D724A062BC006311CC /* MoJoeUITests */ = {
			isa = PBXNativeTarget;
			buildConfigurationList = 81CD57DF24A062BC006311CC /* Build configuration list for PBXNativeTarget "MoJoeUITests" */;
			buildPhases = (
				81CD57D424A062BC006311CC /* Sources */,
				81CD57D524A062BC006311CC /* Frameworks */,
				81CD57D624A062BC006311CC /* Resources */,
			);
			buildRules = (
			);
			dependencies = (
				81CD57DE24A062BC006311CC /* PBXTargetDependency */,
			);
			name = MoJoeUITests;
			productName = MoJoeUITests;
			productReference = 81CD57D824A062BC006311CC /* MoJoeUITests.xctest */;
			productType = "com.apple.product-type.bundle.ui-testing";
		};
/* End PBXNativeTarget section */

/* Begin PBXProject section */
		7E312B23212C98E3009D7F83 /* Project object */ = {
			isa = PBXProject;
			attributes = {
				LastSwiftUpdateCheck = 1150;
				LastUpgradeCheck = 0940;
				ORGANIZATIONNAME = "Daniel Grant";
				TargetAttributes = {
					7E312B2A212C98E3009D7F83 = {
						CreatedOnToolsVersion = 9.2;
						LastSwiftMigration = 1020;
						ProvisioningStyle = Automatic;
						SystemCapabilities = {
							com.apple.Keychain = {
								enabled = 1;
							};
						};
					};
					818416CA249BEB28003E8D98 = {
						CreatedOnToolsVersion = 11.5;
						ProvisioningStyle = Automatic;
						TestTargetID = 7E312B2A212C98E3009D7F83;
					};
					81CD57C924A05D47006311CC = {
						CreatedOnToolsVersion = 11.5;
						ProvisioningStyle = Automatic;
						TestTargetID = 7E312B2A212C98E3009D7F83;
					};
					81CD57D724A062BC006311CC = {
						CreatedOnToolsVersion = 11.5;
						ProvisioningStyle = Automatic;
						TestTargetID = 7E312B2A212C98E3009D7F83;
					};
				};
			};
			buildConfigurationList = 7E312B26212C98E3009D7F83 /* Build configuration list for PBXProject "MoJoe" */;
			compatibilityVersion = "Xcode 8.0";
			developmentRegion = en;
			hasScannedForEncodings = 0;
			knownRegions = (
				en,
				Base,
			);
			mainGroup = 7E312B22212C98E3009D7F83;
			productRefGroup = 7E312B2C212C98E3009D7F83 /* Products */;
			projectDirPath = "";
			projectRoot = "";
			targets = (
				7E312B2A212C98E3009D7F83 /* MoJoe */,
				818416CA249BEB28003E8D98 /* MoJoeShopReviewTests */,
				81CD57C924A05D47006311CC /* MoJoeDateTests */,
				81CD57D724A062BC006311CC /* MoJoeUITests */,
			);
		};
/* End PBXProject section */

/* Begin PBXResourcesBuildPhase section */
		7E312B29212C98E3009D7F83 /* Resources */ = {
			isa = PBXResourcesBuildPhase;
			buildActionMask = 2147483647;
			files = (
				7E312B3B212C98E3009D7F83 /* LaunchScreen.storyboard in Resources */,
				8166FFFD24468BF600C9705D /* GoogleService-Info.plist in Resources */,
				7E312B38212C98E3009D7F83 /* Assets.xcassets in Resources */,
				7E312B36212C98E3009D7F83 /* Main.storyboard in Resources */,
			);
			runOnlyForDeploymentPostprocessing = 0;
		};
		818416C9249BEB28003E8D98 /* Resources */ = {
			isa = PBXResourcesBuildPhase;
			buildActionMask = 2147483647;
			files = (
			);
			runOnlyForDeploymentPostprocessing = 0;
		};
		81CD57C824A05D47006311CC /* Resources */ = {
			isa = PBXResourcesBuildPhase;
			buildActionMask = 2147483647;
			files = (
			);
			runOnlyForDeploymentPostprocessing = 0;
		};
		81CD57D624A062BC006311CC /* Resources */ = {
			isa = PBXResourcesBuildPhase;
			buildActionMask = 2147483647;
			files = (
			);
			runOnlyForDeploymentPostprocessing = 0;
		};
/* End PBXResourcesBuildPhase section */

/* Begin PBXShellScriptBuildPhase section */
		4F849388545840523A60817C /* [CP] Check Pods Manifest.lock */ = {
			isa = PBXShellScriptBuildPhase;
			buildActionMask = 2147483647;
			files = (
			);
			inputFileListPaths = (
			);
			inputPaths = (
				"${PODS_PODFILE_DIR_PATH}/Podfile.lock",
				"${PODS_ROOT}/Manifest.lock",
			);
			name = "[CP] Check Pods Manifest.lock";
			outputFileListPaths = (
			);
			outputPaths = (
				"$(DERIVED_FILE_DIR)/Pods-MoJoe-checkManifestLockResult.txt",
			);
			runOnlyForDeploymentPostprocessing = 0;
			shellPath = /bin/sh;
			shellScript = "diff \"${PODS_PODFILE_DIR_PATH}/Podfile.lock\" \"${PODS_ROOT}/Manifest.lock\" > /dev/null\nif [ $? != 0 ] ; then\n    # print error to STDERR\n    echo \"error: The sandbox is not in sync with the Podfile.lock. Run 'pod install' or update your CocoaPods installation.\" >&2\n    exit 1\nfi\n# This output is used by Xcode 'outputs' to avoid re-running this script phase.\necho \"SUCCESS\" > \"${SCRIPT_OUTPUT_FILE_0}\"\n";
			showEnvVarsInLog = 0;
		};
		ECB03876B670BCC8DE9E175D /* [CP] Embed Pods Frameworks */ = {
			isa = PBXShellScriptBuildPhase;
			buildActionMask = 2147483647;
			files = (
			);
			inputPaths = (
				"${PODS_ROOT}/Target Support Files/Pods-MoJoe/Pods-MoJoe-frameworks.sh",
				"${BUILT_PRODUCTS_DIR}/GTMSessionFetcher/GTMSessionFetcher.framework",
				"${BUILT_PRODUCTS_DIR}/GoogleUtilities/GoogleUtilities.framework",
				"${BUILT_PRODUCTS_DIR}/PromisesObjC/FBLPromises.framework",
				"${BUILT_PRODUCTS_DIR}/leveldb-library/leveldb.framework",
				"${BUILT_PRODUCTS_DIR}/nanopb/nanopb.framework",
			);
			name = "[CP] Embed Pods Frameworks";
			outputPaths = (
				"${TARGET_BUILD_DIR}/${FRAMEWORKS_FOLDER_PATH}/GTMSessionFetcher.framework",
				"${TARGET_BUILD_DIR}/${FRAMEWORKS_FOLDER_PATH}/GoogleUtilities.framework",
				"${TARGET_BUILD_DIR}/${FRAMEWORKS_FOLDER_PATH}/FBLPromises.framework",
				"${TARGET_BUILD_DIR}/${FRAMEWORKS_FOLDER_PATH}/leveldb.framework",
				"${TARGET_BUILD_DIR}/${FRAMEWORKS_FOLDER_PATH}/nanopb.framework",
			);
			runOnlyForDeploymentPostprocessing = 0;
			shellPath = /bin/sh;
			shellScript = "\"${PODS_ROOT}/Target Support Files/Pods-MoJoe/Pods-MoJoe-frameworks.sh\"\n";
			showEnvVarsInLog = 0;
		};
/* End PBXShellScriptBuildPhase section */

/* Begin PBXSourcesBuildPhase section */
		7E312B27212C98E3009D7F83 /* Sources */ = {
			isa = PBXSourcesBuildPhase;
			buildActionMask = 2147483647;
			files = (
				8178ACB82495BC4100AB42C2 /* CMRoastCell.swift in Sources */,
				8178ACAE2495BC4100AB42C2 /* RoastTypeCVCell.swift in Sources */,
				8178AC872495BC3800AB42C2 /* UserGenericPost.swift in Sources */,
				8178ACBD2495BC4100AB42C2 /* SRLocationCell.swift in Sources */,
				8178ACC02495BC4100AB42C2 /* SRReviewCell.swift in Sources */,
				8178AC6E2495BC2500AB42C2 /* FifthViewController.swift in Sources */,
				8178AC8A2495BC3800AB42C2 /* BrewDebut.swift in Sources */,
				8178AC8C2495BC3800AB42C2 /* ReviewHelper.swift in Sources */,
				8178ACC52495BC4100AB42C2 /* BrewDebutCell.swift in Sources */,
				8178AC892495BC3800AB42C2 /* ShopReview.swift in Sources */,
				8178ACBF2495BC4100AB42C2 /* CMRatingCell.swift in Sources */,
				8178AC722495BC2500AB42C2 /* currentUserShops.swift in Sources */,
				8178AC8D2495BC3800AB42C2 /* GenericPostForLikes.swift in Sources */,
				8178ACB12495BC4100AB42C2 /* SingleLabelCollectionViewCell.swift in Sources */,
				8178AC732495BC2500AB42C2 /* MainTabController.swift in Sources */,
				8178ACB52495BC4100AB42C2 /* ShopTagReviewFeedCVCell.swift in Sources */,
				8178AC6B2495BC2500AB42C2 /* ShopsFeedView.swift in Sources */,
				8178ACC42495BC4100AB42C2 /* ShopReviewCell.swift in Sources */,
				8178AC7B2495BC2500AB42C2 /* EmailRegistrationViewController.swift in Sources */,
				8178AC8B2495BC3800AB42C2 /* User.swift in Sources */,
				8178AC772495BC2500AB42C2 /* UserLikesViewController.swift in Sources */,
				8178ACC22495BC4100AB42C2 /* likedPostTableViewCell.swift in Sources */,
				8178ACB62495BC4100AB42C2 /* BrewDebutCommentCell.swift in Sources */,
				8178AC702495BC2500AB42C2 /* InitialViewController.swift in Sources */,
				8178AC712495BC2500AB42C2 /* CommentsForShopReview.swift in Sources */,
				8178ACC32495BC4100AB42C2 /* UserPostPictureCollectionViewCell.swift in Sources */,
				8178AC6C2495BC2500AB42C2 /* OtherUserProfilePage.swift in Sources */,
				8178AC6A2495BC2500AB42C2 /* setUpProfileView.swift in Sources */,
				8178ACB42495BC4100AB42C2 /* RoundButton.swift in Sources */,
				8178AC882495BC3800AB42C2 /* comment.swift in Sources */,
				8178ACB72495BC4100AB42C2 /* SRRatingCell.swift in Sources */,
				8178AC6F2495BC2500AB42C2 /* FeedSwitcher.swift in Sources */,
				8178ACAD2495BC4100AB42C2 /* PostComment.swift in Sources */,
				8178AC7A2495BC2500AB42C2 /* CoffeeShopView.swift in Sources */,
				7E312B2F212C98E3009D7F83 /* AppDelegate.swift in Sources */,
				8178AC782495BC2500AB42C2 /* EditProfile.swift in Sources */,
				8178ACB02495BC4100AB42C2 /* PostCellOnCommentsPage.swift in Sources */,
				8178AC792495BC2500AB42C2 /* RealLoginViewController.swift in Sources */,
				8178AC692495BC2500AB42C2 /* DebutYourBrew.swift in Sources */,
				8178ACBE2495BC4100AB42C2 /* CMRcell.swift in Sources */,
				8178AC762495BC2500AB42C2 /* FeedPageViewController.swift in Sources */,
				8178ACBB2495BC4100AB42C2 /* CMLCell.swift in Sources */,
				8178AC682495BC2500AB42C2 /* CommentsForBrewDebut.swift in Sources */,
				8178ACBC2495BC4100AB42C2 /* SRCoffeeTypeCell.swift in Sources */,
				8178ACAB2495BC4100AB42C2 /* BrewTypeCVCell.swift in Sources */,
				8178AC862495BC3800AB42C2 /* Date.swift in Sources */,
				8178AC752495BC2500AB42C2 /* NearbyFeedViewController.swift in Sources */,
				8178ACB22495BC4100AB42C2 /* OtherUserImageCollectionViewCell.swift in Sources */,
				8178AC7C2495BC2500AB42C2 /* VisitReviewViewController.swift in Sources */,
				8178AC672495BC2500AB42C2 /* AppLoadingViewController.swift in Sources */,
				8178AC742495BC2500AB42C2 /* ShopReviewSheet.swift in Sources */,
				8178ACB92495BC4100AB42C2 /* CMBCell.swift in Sources */,
				8178ACAF2495BC4100AB42C2 /* GenericPostTableViewCell.swift in Sources */,
			);
			runOnlyForDeploymentPostprocessing = 0;
		};
		818416C7249BEB28003E8D98 /* Sources */ = {
			isa = PBXSourcesBuildPhase;
			buildActionMask = 2147483647;
			files = (
				818416CE249BEB28003E8D98 /* MoJoeShopReviewTests.swift in Sources */,
			);
			runOnlyForDeploymentPostprocessing = 0;
		};
		81CD57C624A05D47006311CC /* Sources */ = {
			isa = PBXSourcesBuildPhase;
			buildActionMask = 2147483647;
			files = (
				81CD57CD24A05D47006311CC /* MoJoeDateTests.swift in Sources */,
			);
			runOnlyForDeploymentPostprocessing = 0;
		};
		81CD57D424A062BC006311CC /* Sources */ = {
			isa = PBXSourcesBuildPhase;
			buildActionMask = 2147483647;
			files = (
				81CD57DB24A062BC006311CC /* MoJoeUITests.swift in Sources */,
			);
			runOnlyForDeploymentPostprocessing = 0;
		};
/* End PBXSourcesBuildPhase section */

/* Begin PBXTargetDependency section */
		818416D1249BEB28003E8D98 /* PBXTargetDependency */ = {
			isa = PBXTargetDependency;
			target = 7E312B2A212C98E3009D7F83 /* MoJoe */;
			targetProxy = 818416D0249BEB28003E8D98 /* PBXContainerItemProxy */;
		};
		81CD57D024A05D47006311CC /* PBXTargetDependency */ = {
			isa = PBXTargetDependency;
			target = 7E312B2A212C98E3009D7F83 /* MoJoe */;
			targetProxy = 81CD57CF24A05D47006311CC /* PBXContainerItemProxy */;
		};
		81CD57DE24A062BC006311CC /* PBXTargetDependency */ = {
			isa = PBXTargetDependency;
			target = 7E312B2A212C98E3009D7F83 /* MoJoe */;
			targetProxy = 81CD57DD24A062BC006311CC /* PBXContainerItemProxy */;
		};
/* End PBXTargetDependency section */

/* Begin PBXVariantGroup section */
		7E312B34212C98E3009D7F83 /* Main.storyboard */ = {
			isa = PBXVariantGroup;
			children = (
				7E312B35212C98E3009D7F83 /* Base */,
			);
			name = Main.storyboard;
			sourceTree = "<group>";
		};
		7E312B39212C98E3009D7F83 /* LaunchScreen.storyboard */ = {
			isa = PBXVariantGroup;
			children = (
				7E312B3A212C98E3009D7F83 /* Base */,
			);
			name = LaunchScreen.storyboard;
			sourceTree = "<group>";
		};
/* End PBXVariantGroup section */

/* Begin XCBuildConfiguration section */
		7E312B3D212C98E3009D7F83 /* Debug */ = {
			isa = XCBuildConfiguration;
			buildSettings = {
				ALWAYS_SEARCH_USER_PATHS = NO;
				CLANG_ANALYZER_NONNULL = YES;
				CLANG_ANALYZER_NUMBER_OBJECT_CONVERSION = YES_AGGRESSIVE;
				CLANG_CXX_LANGUAGE_STANDARD = "gnu++14";
				CLANG_CXX_LIBRARY = "libc++";
				CLANG_ENABLE_MODULES = YES;
				CLANG_ENABLE_OBJC_ARC = YES;
				CLANG_WARN_BLOCK_CAPTURE_AUTORELEASING = YES;
				CLANG_WARN_BOOL_CONVERSION = YES;
				CLANG_WARN_COMMA = YES;
				CLANG_WARN_CONSTANT_CONVERSION = YES;
				CLANG_WARN_DEPRECATED_OBJC_IMPLEMENTATIONS = YES;
				CLANG_WARN_DIRECT_OBJC_ISA_USAGE = YES_ERROR;
				CLANG_WARN_DOCUMENTATION_COMMENTS = YES;
				CLANG_WARN_EMPTY_BODY = YES;
				CLANG_WARN_ENUM_CONVERSION = YES;
				CLANG_WARN_INFINITE_RECURSION = YES;
				CLANG_WARN_INT_CONVERSION = YES;
				CLANG_WARN_NON_LITERAL_NULL_CONVERSION = YES;
				CLANG_WARN_OBJC_IMPLICIT_RETAIN_SELF = YES;
				CLANG_WARN_OBJC_LITERAL_CONVERSION = YES;
				CLANG_WARN_OBJC_ROOT_CLASS = YES_ERROR;
				CLANG_WARN_RANGE_LOOP_ANALYSIS = YES;
				CLANG_WARN_STRICT_PROTOTYPES = YES;
				CLANG_WARN_SUSPICIOUS_MOVE = YES;
				CLANG_WARN_UNGUARDED_AVAILABILITY = YES_AGGRESSIVE;
				CLANG_WARN_UNREACHABLE_CODE = YES;
				CLANG_WARN__DUPLICATE_METHOD_MATCH = YES;
				CODE_SIGN_IDENTITY = "iPhone Developer";
				COPY_PHASE_STRIP = NO;
				DEBUG_INFORMATION_FORMAT = dwarf;
				ENABLE_STRICT_OBJC_MSGSEND = YES;
				ENABLE_TESTABILITY = YES;
				GCC_C_LANGUAGE_STANDARD = gnu11;
				GCC_DYNAMIC_NO_PIC = NO;
				GCC_NO_COMMON_BLOCKS = YES;
				GCC_OPTIMIZATION_LEVEL = 0;
				GCC_PREPROCESSOR_DEFINITIONS = (
					"DEBUG=1",
					"$(inherited)",
				);
				GCC_WARN_64_TO_32_BIT_CONVERSION = YES;
				GCC_WARN_ABOUT_RETURN_TYPE = YES_ERROR;
				GCC_WARN_UNDECLARED_SELECTOR = YES;
				GCC_WARN_UNINITIALIZED_AUTOS = YES_AGGRESSIVE;
				GCC_WARN_UNUSED_FUNCTION = YES;
				GCC_WARN_UNUSED_VARIABLE = YES;
				HEADER_SEARCH_PATHS = "${SRCROOT}/Pods/Firebase/CoreOnly/Sources";
				IPHONEOS_DEPLOYMENT_TARGET = 11.2;
				MTL_ENABLE_DEBUG_INFO = YES;
				ONLY_ACTIVE_ARCH = YES;
				SDKROOT = iphoneos;
				SWIFT_ACTIVE_COMPILATION_CONDITIONS = DEBUG;
				SWIFT_OPTIMIZATION_LEVEL = "-Onone";
				SYSTEM_HEADER_SEARCH_PATHS = "";
				USER_HEADER_SEARCH_PATHS = "";
			};
			name = Debug;
		};
		7E312B3E212C98E3009D7F83 /* Release */ = {
			isa = XCBuildConfiguration;
			buildSettings = {
				ALWAYS_SEARCH_USER_PATHS = NO;
				CLANG_ANALYZER_NONNULL = YES;
				CLANG_ANALYZER_NUMBER_OBJECT_CONVERSION = YES_AGGRESSIVE;
				CLANG_CXX_LANGUAGE_STANDARD = "gnu++14";
				CLANG_CXX_LIBRARY = "libc++";
				CLANG_ENABLE_MODULES = YES;
				CLANG_ENABLE_OBJC_ARC = YES;
				CLANG_WARN_BLOCK_CAPTURE_AUTORELEASING = YES;
				CLANG_WARN_BOOL_CONVERSION = YES;
				CLANG_WARN_COMMA = YES;
				CLANG_WARN_CONSTANT_CONVERSION = YES;
				CLANG_WARN_DEPRECATED_OBJC_IMPLEMENTATIONS = YES;
				CLANG_WARN_DIRECT_OBJC_ISA_USAGE = YES_ERROR;
				CLANG_WARN_DOCUMENTATION_COMMENTS = YES;
				CLANG_WARN_EMPTY_BODY = YES;
				CLANG_WARN_ENUM_CONVERSION = YES;
				CLANG_WARN_INFINITE_RECURSION = YES;
				CLANG_WARN_INT_CONVERSION = YES;
				CLANG_WARN_NON_LITERAL_NULL_CONVERSION = YES;
				CLANG_WARN_OBJC_IMPLICIT_RETAIN_SELF = YES;
				CLANG_WARN_OBJC_LITERAL_CONVERSION = YES;
				CLANG_WARN_OBJC_ROOT_CLASS = YES_ERROR;
				CLANG_WARN_RANGE_LOOP_ANALYSIS = YES;
				CLANG_WARN_STRICT_PROTOTYPES = YES;
				CLANG_WARN_SUSPICIOUS_MOVE = YES;
				CLANG_WARN_UNGUARDED_AVAILABILITY = YES_AGGRESSIVE;
				CLANG_WARN_UNREACHABLE_CODE = YES;
				CLANG_WARN__DUPLICATE_METHOD_MATCH = YES;
				CODE_SIGN_IDENTITY = "iPhone Developer";
				COPY_PHASE_STRIP = NO;
				DEBUG_INFORMATION_FORMAT = "dwarf-with-dsym";
				ENABLE_NS_ASSERTIONS = NO;
				ENABLE_STRICT_OBJC_MSGSEND = YES;
				GCC_C_LANGUAGE_STANDARD = gnu11;
				GCC_NO_COMMON_BLOCKS = YES;
				GCC_WARN_64_TO_32_BIT_CONVERSION = YES;
				GCC_WARN_ABOUT_RETURN_TYPE = YES_ERROR;
				GCC_WARN_UNDECLARED_SELECTOR = YES;
				GCC_WARN_UNINITIALIZED_AUTOS = YES_AGGRESSIVE;
				GCC_WARN_UNUSED_FUNCTION = YES;
				GCC_WARN_UNUSED_VARIABLE = YES;
				HEADER_SEARCH_PATHS = "${SRCROOT}/Pods/Firebase/CoreOnly/Sources";
				IPHONEOS_DEPLOYMENT_TARGET = 11.2;
				MTL_ENABLE_DEBUG_INFO = NO;
				SDKROOT = iphoneos;
				SWIFT_OPTIMIZATION_LEVEL = "-Owholemodule";
				SYSTEM_HEADER_SEARCH_PATHS = "";
				USER_HEADER_SEARCH_PATHS = "";
				VALIDATE_PRODUCT = YES;
			};
			name = Release;
		};
		7E312B40212C98E3009D7F83 /* Debug */ = {
			isa = XCBuildConfiguration;
			baseConfigurationReference = 97D18275BB04A6374CA5EF50 /* Pods-MoJoe.debug.xcconfig */;
			buildSettings = {
				ASSETCATALOG_COMPILER_APPICON_NAME = AppIcon;
				CODE_SIGN_ENTITLEMENTS = "";
				"CODE_SIGN_IDENTITY[sdk=iphoneos*]" = "iPhone Developer";
				CODE_SIGN_STYLE = Automatic;
				CURRENT_PROJECT_VERSION = 1;
				DEVELOPMENT_TEAM = H9YG269PFG;
				INFOPLIST_FILE = Info.plist;
				LD_RUNPATH_SEARCH_PATHS = "$(inherited) @executable_path/Frameworks";
				MARKETING_VERSION = 2.1;
				PRODUCT_BUNDLE_IDENTIFIER = com.daniel.grant.YoJoe;
				PRODUCT_NAME = "$(TARGET_NAME)";
				PROVISIONING_PROFILE_SPECIFIER = "";
				STRIP_INSTALLED_PRODUCT = YES;
				SWIFT_VERSION = 5.0;
				TARGETED_DEVICE_FAMILY = "1,2";
			};
			name = Debug;
		};
		7E312B41212C98E3009D7F83 /* Release */ = {
			isa = XCBuildConfiguration;
			baseConfigurationReference = 68B6CEEA1D516D622CE5F1CC /* Pods-MoJoe.release.xcconfig */;
			buildSettings = {
				ASSETCATALOG_COMPILER_APPICON_NAME = AppIcon;
				CODE_SIGN_ENTITLEMENTS = "";
				"CODE_SIGN_IDENTITY[sdk=iphoneos*]" = "iPhone Developer";
				CODE_SIGN_STYLE = Automatic;
				CURRENT_PROJECT_VERSION = 1;
				DEVELOPMENT_TEAM = H9YG269PFG;
				INFOPLIST_FILE = Info.plist;
				LD_RUNPATH_SEARCH_PATHS = "$(inherited) @executable_path/Frameworks";
				MARKETING_VERSION = 2.1;
				PRODUCT_BUNDLE_IDENTIFIER = com.daniel.grant.YoJoe;
				PRODUCT_NAME = "$(TARGET_NAME)";
				PROVISIONING_PROFILE_SPECIFIER = "";
				SWIFT_VERSION = 5.0;
				TARGETED_DEVICE_FAMILY = "1,2";
			};
			name = Release;
		};
		818416D3249BEB28003E8D98 /* Debug */ = {
			isa = XCBuildConfiguration;
			buildSettings = {
				ALWAYS_SEARCH_USER_PATHS = NO;
				BUNDLE_LOADER = "$(TEST_HOST)";
				CLANG_ENABLE_OBJC_WEAK = YES;
				CODE_SIGN_STYLE = Automatic;
				DEVELOPMENT_TEAM = H9YG269PFG;
				HEADER_SEARCH_PATHS = "${SRCROOT}/Pods/Firebase/CoreOnly/Sources";
				INFOPLIST_FILE = MoJoeShopReviewTests/Info.plist;
				IPHONEOS_DEPLOYMENT_TARGET = 13.5;
				LD_RUNPATH_SEARCH_PATHS = "$(inherited) @executable_path/Frameworks @loader_path/Frameworks";
				MTL_ENABLE_DEBUG_INFO = INCLUDE_SOURCE;
				MTL_FAST_MATH = YES;
				PRODUCT_BUNDLE_IDENTIFIER = "Daniel-Grant.MoJoeShopReviewTests";
				PRODUCT_NAME = "$(TARGET_NAME)";
				SWIFT_VERSION = 5.0;
				SYSTEM_HEADER_SEARCH_PATHS = "";
				TARGETED_DEVICE_FAMILY = "1,2";
				TEST_HOST = "$(BUILT_PRODUCTS_DIR)/MoJoe.app/MoJoe";
				USER_HEADER_SEARCH_PATHS = "";
			};
			name = Debug;
		};
		818416D4249BEB28003E8D98 /* Release */ = {
			isa = XCBuildConfiguration;
			buildSettings = {
				ALWAYS_SEARCH_USER_PATHS = NO;
				BUNDLE_LOADER = "$(TEST_HOST)";
				CLANG_ENABLE_OBJC_WEAK = YES;
				CODE_SIGN_STYLE = Automatic;
				DEVELOPMENT_TEAM = H9YG269PFG;
				HEADER_SEARCH_PATHS = "${SRCROOT}/Pods/Firebase/CoreOnly/Sources";
				INFOPLIST_FILE = MoJoeShopReviewTests/Info.plist;
				IPHONEOS_DEPLOYMENT_TARGET = 13.5;
				LD_RUNPATH_SEARCH_PATHS = "$(inherited) @executable_path/Frameworks @loader_path/Frameworks";
				MTL_FAST_MATH = YES;
				PRODUCT_BUNDLE_IDENTIFIER = "Daniel-Grant.MoJoeShopReviewTests";
				PRODUCT_NAME = "$(TARGET_NAME)";
				SWIFT_VERSION = 5.0;
				SYSTEM_HEADER_SEARCH_PATHS = "";
				TARGETED_DEVICE_FAMILY = "1,2";
				TEST_HOST = "$(BUILT_PRODUCTS_DIR)/MoJoe.app/MoJoe";
				USER_HEADER_SEARCH_PATHS = "";
			};
			name = Release;
		};
		81CD57D124A05D47006311CC /* Debug */ = {
			isa = XCBuildConfiguration;
			buildSettings = {
				BUNDLE_LOADER = "$(TEST_HOST)";
				CLANG_ENABLE_OBJC_WEAK = YES;
				CODE_SIGN_STYLE = Automatic;
				DEVELOPMENT_TEAM = H9YG269PFG;
				INFOPLIST_FILE = MoJoeDateTests/Info.plist;
				IPHONEOS_DEPLOYMENT_TARGET = 13.5;
				LD_RUNPATH_SEARCH_PATHS = "$(inherited) @executable_path/Frameworks @loader_path/Frameworks";
				MTL_ENABLE_DEBUG_INFO = INCLUDE_SOURCE;
				MTL_FAST_MATH = YES;
				PRODUCT_BUNDLE_IDENTIFIER = "Daniel-Grant.MoJoeDateTests";
				PRODUCT_NAME = "$(TARGET_NAME)";
				SWIFT_VERSION = 5.0;
				TARGETED_DEVICE_FAMILY = "1,2";
				TEST_HOST = "$(BUILT_PRODUCTS_DIR)/MoJoe.app/MoJoe";
			};
			name = Debug;
		};
		81CD57D224A05D47006311CC /* Release */ = {
			isa = XCBuildConfiguration;
			buildSettings = {
				BUNDLE_LOADER = "$(TEST_HOST)";
				CLANG_ENABLE_OBJC_WEAK = YES;
				CODE_SIGN_STYLE = Automatic;
				DEVELOPMENT_TEAM = H9YG269PFG;
				INFOPLIST_FILE = MoJoeDateTests/Info.plist;
				IPHONEOS_DEPLOYMENT_TARGET = 13.5;
				LD_RUNPATH_SEARCH_PATHS = "$(inherited) @executable_path/Frameworks @loader_path/Frameworks";
				MTL_FAST_MATH = YES;
				PRODUCT_BUNDLE_IDENTIFIER = "Daniel-Grant.MoJoeDateTests";
				PRODUCT_NAME = "$(TARGET_NAME)";
				SWIFT_VERSION = 5.0;
				TARGETED_DEVICE_FAMILY = "1,2";
				TEST_HOST = "$(BUILT_PRODUCTS_DIR)/MoJoe.app/MoJoe";
			};
			name = Release;
		};
		81CD57E024A062BC006311CC /* Debug */ = {
			isa = XCBuildConfiguration;
			buildSettings = {
				CLANG_ENABLE_OBJC_WEAK = YES;
				CODE_SIGN_STYLE = Automatic;
				DEVELOPMENT_TEAM = H9YG269PFG;
				INFOPLIST_FILE = MoJoeUITests/Info.plist;
				IPHONEOS_DEPLOYMENT_TARGET = 13.5;
				LD_RUNPATH_SEARCH_PATHS = "$(inherited) @executable_path/Frameworks @loader_path/Frameworks";
				MTL_ENABLE_DEBUG_INFO = INCLUDE_SOURCE;
				MTL_FAST_MATH = YES;
				PRODUCT_BUNDLE_IDENTIFIER = "Daniel-Grant.MoJoeUITests";
				PRODUCT_NAME = "$(TARGET_NAME)";
				SWIFT_VERSION = 5.0;
				TARGETED_DEVICE_FAMILY = "1,2";
				TEST_TARGET_NAME = MoJoe;
			};
			name = Debug;
		};
		81CD57E124A062BC006311CC /* Release */ = {
			isa = XCBuildConfiguration;
			buildSettings = {
				CLANG_ENABLE_OBJC_WEAK = YES;
				CODE_SIGN_STYLE = Automatic;
				DEVELOPMENT_TEAM = H9YG269PFG;
				INFOPLIST_FILE = MoJoeUITests/Info.plist;
				IPHONEOS_DEPLOYMENT_TARGET = 13.5;
				LD_RUNPATH_SEARCH_PATHS = "$(inherited) @executable_path/Frameworks @loader_path/Frameworks";
				MTL_FAST_MATH = YES;
				PRODUCT_BUNDLE_IDENTIFIER = "Daniel-Grant.MoJoeUITests";
				PRODUCT_NAME = "$(TARGET_NAME)";
				SWIFT_VERSION = 5.0;
				TARGETED_DEVICE_FAMILY = "1,2";
				TEST_TARGET_NAME = MoJoe;
			};
			name = Release;
		};
/* End XCBuildConfiguration section */

/* Begin XCConfigurationList section */
		7E312B26212C98E3009D7F83 /* Build configuration list for PBXProject "MoJoe" */ = {
			isa = XCConfigurationList;
			buildConfigurations = (
				7E312B3D212C98E3009D7F83 /* Debug */,
				7E312B3E212C98E3009D7F83 /* Release */,
			);
			defaultConfigurationIsVisible = 0;
			defaultConfigurationName = Release;
		};
		7E312B3F212C98E3009D7F83 /* Build configuration list for PBXNativeTarget "MoJoe" */ = {
			isa = XCConfigurationList;
			buildConfigurations = (
				7E312B40212C98E3009D7F83 /* Debug */,
				7E312B41212C98E3009D7F83 /* Release */,
			);
			defaultConfigurationIsVisible = 0;
			defaultConfigurationName = Release;
		};
		818416D2249BEB28003E8D98 /* Build configuration list for PBXNativeTarget "MoJoeShopReviewTests" */ = {
			isa = XCConfigurationList;
			buildConfigurations = (
				818416D3249BEB28003E8D98 /* Debug */,
				818416D4249BEB28003E8D98 /* Release */,
			);
			defaultConfigurationIsVisible = 0;
			defaultConfigurationName = Release;
		};
		81CD57D324A05D47006311CC /* Build configuration list for PBXNativeTarget "MoJoeDateTests" */ = {
			isa = XCConfigurationList;
			buildConfigurations = (
				81CD57D124A05D47006311CC /* Debug */,
				81CD57D224A05D47006311CC /* Release */,
			);
			defaultConfigurationIsVisible = 0;
			defaultConfigurationName = Release;
		};
		81CD57DF24A062BC006311CC /* Build configuration list for PBXNativeTarget "MoJoeUITests" */ = {
			isa = XCConfigurationList;
			buildConfigurations = (
				81CD57E024A062BC006311CC /* Debug */,
				81CD57E124A062BC006311CC /* Release */,
			);
			defaultConfigurationIsVisible = 0;
			defaultConfigurationName = Release;
		};
/* End XCConfigurationList section */
	};
	rootObject = 7E312B23212C98E3009D7F83 /* Project object */;
}
