// !$*UTF8*$!
{
	archiveVersion = 1;
	classes = {
	};
	objectVersion = 48;
	objects = {

/* Begin PBXBuildFile section */
		5F4F05D7CFC8171CECE7FA91 /* Pods_MoJoe.framework in Frameworks */ = {isa = PBXBuildFile; fileRef = ABE5188F47E28591D566832E /* Pods_MoJoe.framework */; };
		7E312B2F212C98E3009D7F83 /* AppDelegate.swift in Sources */ = {isa = PBXBuildFile; fileRef = 7E312B2E212C98E3009D7F83 /* AppDelegate.swift */; };
		7E312B36212C98E3009D7F83 /* Main.storyboard in Resources */ = {isa = PBXBuildFile; fileRef = 7E312B34212C98E3009D7F83 /* Main.storyboard */; };
		7E312B38212C98E3009D7F83 /* Assets.xcassets in Resources */ = {isa = PBXBuildFile; fileRef = 7E312B37212C98E3009D7F83 /* Assets.xcassets */; };
		7E312B3B212C98E3009D7F83 /* LaunchScreen.storyboard in Resources */ = {isa = PBXBuildFile; fileRef = 7E312B39212C98E3009D7F83 /* LaunchScreen.storyboard */; };
		7E312B47212C9E30009D7F83 /* FifthViewController.swift in Sources */ = {isa = PBXBuildFile; fileRef = 7E312B46212C9E30009D7F83 /* FifthViewController.swift */; };
		7E312B4B212CA01B009D7F83 /* InitialViewController.swift in Sources */ = {isa = PBXBuildFile; fileRef = 7E312B4A212CA01B009D7F83 /* InitialViewController.swift */; };
		7E312B4D212CA116009D7F83 /* MainTabController.swift in Sources */ = {isa = PBXBuildFile; fileRef = 7E312B4C212CA116009D7F83 /* MainTabController.swift */; };
		811B3F0722AAE21E006883D9 /* ShopTagReviewFeedCVCell.swift in Sources */ = {isa = PBXBuildFile; fileRef = 811B3F0622AAE21E006883D9 /* ShopTagReviewFeedCVCell.swift */; };
		811C6EC02198A06500DA8B19 /* NearbyFeedViewController.swift in Sources */ = {isa = PBXBuildFile; fileRef = 811C6EBF2198A06500DA8B19 /* NearbyFeedViewController.swift */; };
		8126B18823311FEE0004E885 /* comment.swift in Sources */ = {isa = PBXBuildFile; fileRef = 8126B18723311FEE0004E885 /* comment.swift */; };
		8139D207242A94E1004EC947 /* likedPostTableViewCell.swift in Sources */ = {isa = PBXBuildFile; fileRef = 8139D206242A94E1004EC947 /* likedPostTableViewCell.swift */; };
		813BEFEA226E9B5F008AC632 /* FeedSwitcher.swift in Sources */ = {isa = PBXBuildFile; fileRef = 813BEFE9226E9B5F008AC632 /* FeedSwitcher.swift */; };
		813BEFEC226F91EB008AC632 /* ShopsFeedView.swift in Sources */ = {isa = PBXBuildFile; fileRef = 813BEFEB226F91EB008AC632 /* ShopsFeedView.swift */; };
		813C126323E63BFD00040C55 /* OtherUserImageCollectionViewCell.swift in Sources */ = {isa = PBXBuildFile; fileRef = 813C126223E63BFD00040C55 /* OtherUserImageCollectionViewCell.swift */; };
		813CBD14219DE03E00661736 /* FeedPageViewController.swift in Sources */ = {isa = PBXBuildFile; fileRef = 813CBD13219DE03E00661736 /* FeedPageViewController.swift */; };
		8141909C21E18B5B000BE77F /* EmailRegistrationViewController.swift in Sources */ = {isa = PBXBuildFile; fileRef = 8141909B21E18B5B000BE77F /* EmailRegistrationViewController.swift */; };
		8150997D22736C5A00B81B8E /* BrewDebut.swift in Sources */ = {isa = PBXBuildFile; fileRef = 8150997C22736C5A00B81B8E /* BrewDebut.swift */; };
		8150997F22739CAA00B81B8E /* BrewDebutCell.swift in Sources */ = {isa = PBXBuildFile; fileRef = 8150997E22739CAA00B81B8E /* BrewDebutCell.swift */; };
		8152A5BB217969FD003D7B0A /* RealLoginViewController.swift in Sources */ = {isa = PBXBuildFile; fileRef = 8152A5BA217969FD003D7B0A /* RealLoginViewController.swift */; };
		8154DA0223CB98AE00F61909 /* EditProfile.swift in Sources */ = {isa = PBXBuildFile; fileRef = 8154DA0123CB98AE00F61909 /* EditProfile.swift */; };
		815FF81823466AB3002F4D88 /* BrewDebutCommentCell.swift in Sources */ = {isa = PBXBuildFile; fileRef = 815FF81723466AB3002F4D88 /* BrewDebutCommentCell.swift */; };
		816264B8224A88E100202A69 /* BrewTypeCVCell.swift in Sources */ = {isa = PBXBuildFile; fileRef = 816264B7224A88E100202A69 /* BrewTypeCVCell.swift */; };
		8166FFFD24468BF600C9705D /* GoogleService-Info.plist in Resources */ = {isa = PBXBuildFile; fileRef = 8166FFFC24468BF600C9705D /* GoogleService-Info.plist */; };
		816D7E03246C67B600B925E5 /* DebutYourBrew.swift in Sources */ = {isa = PBXBuildFile; fileRef = 813BEFE7226953AC008AC632 /* DebutYourBrew.swift */; };
		8183C88723E0BF9B009A91AC /* UserGenericPost.swift in Sources */ = {isa = PBXBuildFile; fileRef = 8183C88623E0BF9B009A91AC /* UserGenericPost.swift */; };
		8183C88923E3692A009A91AC /* UserPostPictureCollectionViewCell.swift in Sources */ = {isa = PBXBuildFile; fileRef = 8183C88823E36929009A91AC /* UserPostPictureCollectionViewCell.swift */; };
		81846AC1234646BC00296A92 /* CommentsForBrewDebut.swift in Sources */ = {isa = PBXBuildFile; fileRef = 81846AC0234646BC00296A92 /* CommentsForBrewDebut.swift */; };
		819109AA22FA427100F776F6 /* CommentsForShopReview.swift in Sources */ = {isa = PBXBuildFile; fileRef = 819109A922FA427100F776F6 /* CommentsForShopReview.swift */; };
		819109AE22FA61F000F776F6 /* PostCellOnCommentsPage.swift in Sources */ = {isa = PBXBuildFile; fileRef = 819109AD22FA61F000F776F6 /* PostCellOnCommentsPage.swift */; };
		819221A9234E311400F6E876 /* OtherUserProfilePage.swift in Sources */ = {isa = PBXBuildFile; fileRef = 819221A8234E311400F6E876 /* OtherUserProfilePage.swift */; };
		81964B6623294DFA00AE9F91 /* PostComment.swift in Sources */ = {isa = PBXBuildFile; fileRef = 81964B6523294DFA00AE9F91 /* PostComment.swift */; };
		81964B6823294FF100AE9F91 /* PostViewOnCommentsPage.swift in Sources */ = {isa = PBXBuildFile; fileRef = 81964B6723294FF100AE9F91 /* PostViewOnCommentsPage.swift */; };
		81A2CD29224D1B2200D5479E /* RoastTypeCVCell.swift in Sources */ = {isa = PBXBuildFile; fileRef = 81A2CD28224D1B2200D5479E /* RoastTypeCVCell.swift */; };
		81A45708227662E5008DF6D4 /* ShopReview.swift in Sources */ = {isa = PBXBuildFile; fileRef = 81A45707227662E5008DF6D4 /* ShopReview.swift */; };
		81A4570A22766814008DF6D4 /* ShopReviewCell.swift in Sources */ = {isa = PBXBuildFile; fileRef = 81A4570922766814008DF6D4 /* ShopReviewCell.swift */; };
		81A4570C22766D71008DF6D4 /* ShopReviewSheet.swift in Sources */ = {isa = PBXBuildFile; fileRef = 81A4570B22766D71008DF6D4 /* ShopReviewSheet.swift */; };
		81A4570E22767075008DF6D4 /* SRLocationCell.swift in Sources */ = {isa = PBXBuildFile; fileRef = 81A4570D22767075008DF6D4 /* SRLocationCell.swift */; };
		81A457122276714D008DF6D4 /* SRRatingCell.swift in Sources */ = {isa = PBXBuildFile; fileRef = 81A457112276714D008DF6D4 /* SRRatingCell.swift */; };
		81A4571422767169008DF6D4 /* SRReviewCell.swift in Sources */ = {isa = PBXBuildFile; fileRef = 81A4571322767169008DF6D4 /* SRReviewCell.swift */; };
		81A457162276C1EA008DF6D4 /* SRCoffeeTypeCell.swift in Sources */ = {isa = PBXBuildFile; fileRef = 81A457152276C1EA008DF6D4 /* SRCoffeeTypeCell.swift */; };
		81A4571C2278A508008DF6D4 /* SingleLabelCollectionViewCell.swift in Sources */ = {isa = PBXBuildFile; fileRef = 81A4571B2278A508008DF6D4 /* SingleLabelCollectionViewCell.swift */; };
		81A8B5292389E27E000C8E34 /* CoffeeShopView.swift in Sources */ = {isa = PBXBuildFile; fileRef = 81A8B5282389E27E000C8E34 /* CoffeeShopView.swift */; };
		81ACF54023F321AC00610AF3 /* GenericPostTableViewCell.swift in Sources */ = {isa = PBXBuildFile; fileRef = 81ACF53F23F321AC00610AF3 /* GenericPostTableViewCell.swift */; };
		81AD0BD6242ACAB500B17C62 /* GenericPostForLikes.swift in Sources */ = {isa = PBXBuildFile; fileRef = 81AD0BD5242ACAB500B17C62 /* GenericPostForLikes.swift */; };
		81AD0BD8242BE55D00B17C62 /* UserLikesViewController.swift in Sources */ = {isa = PBXBuildFile; fileRef = 81AD0BD7242BE55D00B17C62 /* UserLikesViewController.swift */; };
		81B668E021FFA5DA00BBC025 /* ReviewHelper.swift in Sources */ = {isa = PBXBuildFile; fileRef = 81B668DF21FFA5DA00BBC025 /* ReviewHelper.swift */; };
		81BCD3DC22D137D4003D0640 /* Date.swift in Sources */ = {isa = PBXBuildFile; fileRef = 81BCD3DB22D137D4003D0640 /* Date.swift */; };
		81D87F602356198C00CDDC84 /* setUpProfileView.swift in Sources */ = {isa = PBXBuildFile; fileRef = 81D87F5F2356198C00CDDC84 /* setUpProfileView.swift */; };
		81E6CD632247F7AE00969B42 /* CMRcell.swift in Sources */ = {isa = PBXBuildFile; fileRef = 81E6CD622247F7AE00969B42 /* CMRcell.swift */; };
		81E6CD652247F97E00969B42 /* CMBCell.swift in Sources */ = {isa = PBXBuildFile; fileRef = 81E6CD642247F97E00969B42 /* CMBCell.swift */; };
		81E6CD672248076D00969B42 /* CMRoastCell.swift in Sources */ = {isa = PBXBuildFile; fileRef = 81E6CD662248076D00969B42 /* CMRoastCell.swift */; };
		81E6CD692248078600969B42 /* CMRatingCell.swift in Sources */ = {isa = PBXBuildFile; fileRef = 81E6CD682248078600969B42 /* CMRatingCell.swift */; };
		81E6CD6B224807F300969B42 /* CMLCell.swift in Sources */ = {isa = PBXBuildFile; fileRef = 81E6CD6A224807F300969B42 /* CMLCell.swift */; };
		81E6CD6E224808AD00969B42 /* CMICell.swift in Sources */ = {isa = PBXBuildFile; fileRef = 81E6CD6D224808AD00969B42 /* CMICell.swift */; };
		81EA17202180FC92003388DA /* AppLoadingViewController.swift in Sources */ = {isa = PBXBuildFile; fileRef = 81EA171F2180FC92003388DA /* AppLoadingViewController.swift */; };
		81EDC5B022445B200095F59A /* RoundButton.swift in Sources */ = {isa = PBXBuildFile; fileRef = 81EDC5AF22445B1F0095F59A /* RoundButton.swift */; };
		81F3444B21FE4E9500DF0E9F /* VisitReviewViewController.swift in Sources */ = {isa = PBXBuildFile; fileRef = 81F3444A21FE4E9500DF0E9F /* VisitReviewViewController.swift */; };
		81F8B8FF23A8408F0074F03C /* currentUserShops.swift in Sources */ = {isa = PBXBuildFile; fileRef = 81F8B8FE23A8408F0074F03C /* currentUserShops.swift */; };
		81F8B90123A840A80074F03C /* CurrentUserBrews.swift in Sources */ = {isa = PBXBuildFile; fileRef = 81F8B90023A840A80074F03C /* CurrentUserBrews.swift */; };
		81FE6AE721E3E6720008B9A4 /* User.swift in Sources */ = {isa = PBXBuildFile; fileRef = 81FE6AE621E3E6720008B9A4 /* User.swift */; };
/* End PBXBuildFile section */

/* Begin PBXFileReference section */
		68B6CEEA1D516D622CE5F1CC /* Pods-MoJoe.release.xcconfig */ = {isa = PBXFileReference; includeInIndex = 1; lastKnownFileType = text.xcconfig; name = "Pods-MoJoe.release.xcconfig"; path = "Pods/Target Support Files/Pods-MoJoe/Pods-MoJoe.release.xcconfig"; sourceTree = "<group>"; };
		7E312B2B212C98E3009D7F83 /* MoJoe.app */ = {isa = PBXFileReference; explicitFileType = wrapper.application; includeInIndex = 0; path = MoJoe.app; sourceTree = BUILT_PRODUCTS_DIR; };
		7E312B2E212C98E3009D7F83 /* AppDelegate.swift */ = {isa = PBXFileReference; lastKnownFileType = sourcecode.swift; path = AppDelegate.swift; sourceTree = "<group>"; };
		7E312B35212C98E3009D7F83 /* Base */ = {isa = PBXFileReference; lastKnownFileType = file.storyboard; name = Base; path = Base.lproj/Main.storyboard; sourceTree = "<group>"; };
		7E312B37212C98E3009D7F83 /* Assets.xcassets */ = {isa = PBXFileReference; lastKnownFileType = folder.assetcatalog; path = Assets.xcassets; sourceTree = "<group>"; };
		7E312B3A212C98E3009D7F83 /* Base */ = {isa = PBXFileReference; lastKnownFileType = file.storyboard; name = Base; path = Base.lproj/LaunchScreen.storyboard; sourceTree = "<group>"; };
		7E312B3C212C98E3009D7F83 /* Info.plist */ = {isa = PBXFileReference; lastKnownFileType = text.plist.xml; path = Info.plist; sourceTree = "<group>"; };
		7E312B46212C9E30009D7F83 /* FifthViewController.swift */ = {isa = PBXFileReference; lastKnownFileType = sourcecode.swift; path = FifthViewController.swift; sourceTree = "<group>"; };
		7E312B4A212CA01B009D7F83 /* InitialViewController.swift */ = {isa = PBXFileReference; lastKnownFileType = sourcecode.swift; name = InitialViewController.swift; path = ../InitialViewController.swift; sourceTree = "<group>"; };
		7E312B4C212CA116009D7F83 /* MainTabController.swift */ = {isa = PBXFileReference; lastKnownFileType = sourcecode.swift; path = MainTabController.swift; sourceTree = "<group>"; };
		811B3F0622AAE21E006883D9 /* ShopTagReviewFeedCVCell.swift */ = {isa = PBXFileReference; lastKnownFileType = sourcecode.swift; path = ShopTagReviewFeedCVCell.swift; sourceTree = "<group>"; };
		811C6EBF2198A06500DA8B19 /* NearbyFeedViewController.swift */ = {isa = PBXFileReference; lastKnownFileType = sourcecode.swift; name = NearbyFeedViewController.swift; path = "../Shop Review Files/NearbyFeedViewController.swift"; sourceTree = "<group>"; };
		8126B18723311FEE0004E885 /* comment.swift */ = {isa = PBXFileReference; lastKnownFileType = sourcecode.swift; path = comment.swift; sourceTree = "<group>"; };
		8139D206242A94E1004EC947 /* likedPostTableViewCell.swift */ = {isa = PBXFileReference; lastKnownFileType = sourcecode.swift; path = likedPostTableViewCell.swift; sourceTree = "<group>"; };
		813BEFE7226953AC008AC632 /* DebutYourBrew.swift */ = {isa = PBXFileReference; lastKnownFileType = sourcecode.swift; path = DebutYourBrew.swift; sourceTree = "<group>"; };
		813BEFE9226E9B5F008AC632 /* FeedSwitcher.swift */ = {isa = PBXFileReference; lastKnownFileType = sourcecode.swift; path = FeedSwitcher.swift; sourceTree = "<group>"; };
		813BEFEB226F91EB008AC632 /* ShopsFeedView.swift */ = {isa = PBXFileReference; lastKnownFileType = sourcecode.swift; name = ShopsFeedView.swift; path = ../ShopsFeedView.swift; sourceTree = "<group>"; };
		813C126223E63BFD00040C55 /* OtherUserImageCollectionViewCell.swift */ = {isa = PBXFileReference; lastKnownFileType = sourcecode.swift; path = OtherUserImageCollectionViewCell.swift; sourceTree = "<group>"; };
		813CBD13219DE03E00661736 /* FeedPageViewController.swift */ = {isa = PBXFileReference; lastKnownFileType = sourcecode.swift; path = FeedPageViewController.swift; sourceTree = "<group>"; };
		8141909B21E18B5B000BE77F /* EmailRegistrationViewController.swift */ = {isa = PBXFileReference; lastKnownFileType = sourcecode.swift; path = EmailRegistrationViewController.swift; sourceTree = "<group>"; };
		8141909D21E18E7B000BE77F /* MoJoe.entitlements */ = {isa = PBXFileReference; lastKnownFileType = text.plist.entitlements; path = MoJoe.entitlements; sourceTree = "<group>"; };
		8150997C22736C5A00B81B8E /* BrewDebut.swift */ = {isa = PBXFileReference; lastKnownFileType = sourcecode.swift; path = BrewDebut.swift; sourceTree = "<group>"; };
		8150997E22739CAA00B81B8E /* BrewDebutCell.swift */ = {isa = PBXFileReference; lastKnownFileType = sourcecode.swift; path = BrewDebutCell.swift; sourceTree = "<group>"; };
		8152A5BA217969FD003D7B0A /* RealLoginViewController.swift */ = {isa = PBXFileReference; lastKnownFileType = sourcecode.swift; path = RealLoginViewController.swift; sourceTree = "<group>"; };
		8154DA0123CB98AE00F61909 /* EditProfile.swift */ = {isa = PBXFileReference; lastKnownFileType = sourcecode.swift; path = EditProfile.swift; sourceTree = "<group>"; };
		815FF81723466AB3002F4D88 /* BrewDebutCommentCell.swift */ = {isa = PBXFileReference; lastKnownFileType = sourcecode.swift; path = BrewDebutCommentCell.swift; sourceTree = "<group>"; };
		816264B7224A88E100202A69 /* BrewTypeCVCell.swift */ = {isa = PBXFileReference; lastKnownFileType = sourcecode.swift; path = BrewTypeCVCell.swift; sourceTree = "<group>"; };
		8166FFFC24468BF600C9705D /* GoogleService-Info.plist */ = {isa = PBXFileReference; fileEncoding = 4; lastKnownFileType = text.plist.xml; path = "GoogleService-Info.plist"; sourceTree = "<group>"; };
		8183C88623E0BF9B009A91AC /* UserGenericPost.swift */ = {isa = PBXFileReference; lastKnownFileType = sourcecode.swift; path = UserGenericPost.swift; sourceTree = "<group>"; };
		8183C88823E36929009A91AC /* UserPostPictureCollectionViewCell.swift */ = {isa = PBXFileReference; lastKnownFileType = sourcecode.swift; path = UserPostPictureCollectionViewCell.swift; sourceTree = "<group>"; };
		81846AC0234646BC00296A92 /* CommentsForBrewDebut.swift */ = {isa = PBXFileReference; lastKnownFileType = sourcecode.swift; path = CommentsForBrewDebut.swift; sourceTree = "<group>"; };
		819109A922FA427100F776F6 /* CommentsForShopReview.swift */ = {isa = PBXFileReference; lastKnownFileType = sourcecode.swift; path = CommentsForShopReview.swift; sourceTree = "<group>"; };
		819109AD22FA61F000F776F6 /* PostCellOnCommentsPage.swift */ = {isa = PBXFileReference; lastKnownFileType = sourcecode.swift; path = PostCellOnCommentsPage.swift; sourceTree = "<group>"; };
		819221A8234E311400F6E876 /* OtherUserProfilePage.swift */ = {isa = PBXFileReference; lastKnownFileType = sourcecode.swift; path = OtherUserProfilePage.swift; sourceTree = "<group>"; };
		81964B6523294DFA00AE9F91 /* PostComment.swift */ = {isa = PBXFileReference; lastKnownFileType = sourcecode.swift; name = PostComment.swift; path = ../PostComment.swift; sourceTree = "<group>"; };
		81964B6723294FF100AE9F91 /* PostViewOnCommentsPage.swift */ = {isa = PBXFileReference; lastKnownFileType = sourcecode.swift; name = PostViewOnCommentsPage.swift; path = /Users/danielgrant/Desktop/MoJoe/MoJoe/Models/PostViewOnCommentsPage.swift; sourceTree = "<absolute>"; };
		81A2CD28224D1B2200D5479E /* RoastTypeCVCell.swift */ = {isa = PBXFileReference; lastKnownFileType = sourcecode.swift; path = RoastTypeCVCell.swift; sourceTree = "<group>"; };
		81A45707227662E5008DF6D4 /* ShopReview.swift */ = {isa = PBXFileReference; lastKnownFileType = sourcecode.swift; path = ShopReview.swift; sourceTree = "<group>"; };
		81A4570922766814008DF6D4 /* ShopReviewCell.swift */ = {isa = PBXFileReference; lastKnownFileType = sourcecode.swift; path = ShopReviewCell.swift; sourceTree = "<group>"; };
		81A4570B22766D71008DF6D4 /* ShopReviewSheet.swift */ = {isa = PBXFileReference; lastKnownFileType = sourcecode.swift; path = ShopReviewSheet.swift; sourceTree = "<group>"; };
		81A4570D22767075008DF6D4 /* SRLocationCell.swift */ = {isa = PBXFileReference; lastKnownFileType = sourcecode.swift; path = SRLocationCell.swift; sourceTree = "<group>"; };
		81A457112276714D008DF6D4 /* SRRatingCell.swift */ = {isa = PBXFileReference; lastKnownFileType = sourcecode.swift; path = SRRatingCell.swift; sourceTree = "<group>"; };
		81A4571322767169008DF6D4 /* SRReviewCell.swift */ = {isa = PBXFileReference; lastKnownFileType = sourcecode.swift; path = SRReviewCell.swift; sourceTree = "<group>"; };
		81A457152276C1EA008DF6D4 /* SRCoffeeTypeCell.swift */ = {isa = PBXFileReference; lastKnownFileType = sourcecode.swift; path = SRCoffeeTypeCell.swift; sourceTree = "<group>"; };
		81A4571B2278A508008DF6D4 /* SingleLabelCollectionViewCell.swift */ = {isa = PBXFileReference; lastKnownFileType = sourcecode.swift; path = SingleLabelCollectionViewCell.swift; sourceTree = "<group>"; };
		81A8B5282389E27E000C8E34 /* CoffeeShopView.swift */ = {isa = PBXFileReference; lastKnownFileType = sourcecode.swift; path = CoffeeShopView.swift; sourceTree = "<group>"; };
		81ACF53F23F321AC00610AF3 /* GenericPostTableViewCell.swift */ = {isa = PBXFileReference; lastKnownFileType = sourcecode.swift; path = GenericPostTableViewCell.swift; sourceTree = "<group>"; };
		81AD0BD5242ACAB500B17C62 /* GenericPostForLikes.swift */ = {isa = PBXFileReference; lastKnownFileType = sourcecode.swift; path = GenericPostForLikes.swift; sourceTree = "<group>"; };
		81AD0BD7242BE55D00B17C62 /* UserLikesViewController.swift */ = {isa = PBXFileReference; lastKnownFileType = sourcecode.swift; path = UserLikesViewController.swift; sourceTree = "<group>"; };
		81B668DF21FFA5DA00BBC025 /* ReviewHelper.swift */ = {isa = PBXFileReference; lastKnownFileType = sourcecode.swift; path = ReviewHelper.swift; sourceTree = "<group>"; };
		81BCD3DB22D137D4003D0640 /* Date.swift */ = {isa = PBXFileReference; lastKnownFileType = sourcecode.swift; path = Date.swift; sourceTree = "<group>"; };
		81D87F5F2356198C00CDDC84 /* setUpProfileView.swift */ = {isa = PBXFileReference; lastKnownFileType = sourcecode.swift; path = setUpProfileView.swift; sourceTree = "<group>"; };
		81E6CD622247F7AE00969B42 /* CMRcell.swift */ = {isa = PBXFileReference; lastKnownFileType = sourcecode.swift; path = CMRcell.swift; sourceTree = "<group>"; };
		81E6CD642247F97E00969B42 /* CMBCell.swift */ = {isa = PBXFileReference; lastKnownFileType = sourcecode.swift; path = CMBCell.swift; sourceTree = "<group>"; };
		81E6CD662248076D00969B42 /* CMRoastCell.swift */ = {isa = PBXFileReference; lastKnownFileType = sourcecode.swift; path = CMRoastCell.swift; sourceTree = "<group>"; };
		81E6CD682248078600969B42 /* CMRatingCell.swift */ = {isa = PBXFileReference; lastKnownFileType = sourcecode.swift; path = CMRatingCell.swift; sourceTree = "<group>"; };
		81E6CD6A224807F300969B42 /* CMLCell.swift */ = {isa = PBXFileReference; lastKnownFileType = sourcecode.swift; path = CMLCell.swift; sourceTree = "<group>"; };
		81E6CD6D224808AD00969B42 /* CMICell.swift */ = {isa = PBXFileReference; lastKnownFileType = sourcecode.swift; path = CMICell.swift; sourceTree = "<group>"; };
		81EA171F2180FC92003388DA /* AppLoadingViewController.swift */ = {isa = PBXFileReference; lastKnownFileType = sourcecode.swift; path = AppLoadingViewController.swift; sourceTree = "<group>"; };
		81EDC5AF22445B1F0095F59A /* RoundButton.swift */ = {isa = PBXFileReference; lastKnownFileType = sourcecode.swift; path = RoundButton.swift; sourceTree = "<group>"; };
		81F3444A21FE4E9500DF0E9F /* VisitReviewViewController.swift */ = {isa = PBXFileReference; lastKnownFileType = sourcecode.swift; path = VisitReviewViewController.swift; sourceTree = "<group>"; };
		81F8B8FE23A8408F0074F03C /* currentUserShops.swift */ = {isa = PBXFileReference; lastKnownFileType = sourcecode.swift; path = currentUserShops.swift; sourceTree = "<group>"; };
		81F8B90023A840A80074F03C /* CurrentUserBrews.swift */ = {isa = PBXFileReference; lastKnownFileType = sourcecode.swift; path = CurrentUserBrews.swift; sourceTree = "<group>"; };
		81FE6AE621E3E6720008B9A4 /* User.swift */ = {isa = PBXFileReference; lastKnownFileType = sourcecode.swift; path = User.swift; sourceTree = "<group>"; };
		97D18275BB04A6374CA5EF50 /* Pods-MoJoe.debug.xcconfig */ = {isa = PBXFileReference; includeInIndex = 1; lastKnownFileType = text.xcconfig; name = "Pods-MoJoe.debug.xcconfig"; path = "Pods/Target Support Files/Pods-MoJoe/Pods-MoJoe.debug.xcconfig"; sourceTree = "<group>"; };
		ABE5188F47E28591D566832E /* Pods_MoJoe.framework */ = {isa = PBXFileReference; explicitFileType = wrapper.framework; includeInIndex = 0; path = Pods_MoJoe.framework; sourceTree = BUILT_PRODUCTS_DIR; };
/* End PBXFileReference section */

/* Begin PBXFrameworksBuildPhase section */
		7E312B28212C98E3009D7F83 /* Frameworks */ = {
			isa = PBXFrameworksBuildPhase;
			buildActionMask = 2147483647;
			files = (
				5F4F05D7CFC8171CECE7FA91 /* Pods_MoJoe.framework in Frameworks */,
			);
			runOnlyForDeploymentPostprocessing = 0;
		};
/* End PBXFrameworksBuildPhase section */

/* Begin PBXGroup section */
		53E66F58F74544B70ED04B4E /* Pods */ = {
			isa = PBXGroup;
			children = (
				97D18275BB04A6374CA5EF50 /* Pods-MoJoe.debug.xcconfig */,
				68B6CEEA1D516D622CE5F1CC /* Pods-MoJoe.release.xcconfig */,
			);
			name = Pods;
			sourceTree = "<group>";
		};
		7E312B22212C98E3009D7F83 = {
			isa = PBXGroup;
			children = (
				7E312B2D212C98E3009D7F83 /* MoJoe */,
				7E312B2C212C98E3009D7F83 /* Products */,
				53E66F58F74544B70ED04B4E /* Pods */,
				81ADB2C6FCFA71631D2CCC77 /* Frameworks */,
			);
			sourceTree = "<group>";
		};
		7E312B2C212C98E3009D7F83 /* Products */ = {
			isa = PBXGroup;
			children = (
				7E312B2B212C98E3009D7F83 /* MoJoe.app */,
			);
			name = Products;
			sourceTree = "<group>";
		};
		7E312B2D212C98E3009D7F83 /* MoJoe */ = {
			isa = PBXGroup;
			children = (
				813BEFE7226953AC008AC632 /* DebutYourBrew.swift */,
				7E312B34212C98E3009D7F83 /* Main.storyboard */,
				8141909E21E2E649000BE77F /* Main Tab Bar Views */,
				7E312B3C212C98E3009D7F83 /* Info.plist */,
				8141909D21E18E7B000BE77F /* MoJoe.entitlements */,
				815292D52316C7E1008AB219 /* Stuff I never use */,
				7E312B37212C98E3009D7F83 /* Assets.xcassets */,
				81FE6AE821E3EEAA0008B9A4 /* Models */,
				81BCD3DD22D2C7F5003D0640 /* Shop Review Files */,
				81F3444921FE4DEF00DF0E9F /* Register or Login Views */,
			);
			path = MoJoe;
			sourceTree = "<group>";
		};
		810DC93F23145599008F055B /* First 3 Views on First Tab */ = {
			isa = PBXGroup;
			children = (
				813BEFEB226F91EB008AC632 /* ShopsFeedView.swift */,
				81ACF53F23F321AC00610AF3 /* GenericPostTableViewCell.swift */,
				811C6EBF2198A06500DA8B19 /* NearbyFeedViewController.swift */,
			);
			name = "First 3 Views on First Tab";
			sourceTree = "<group>";
		};
		8141909E21E2E649000BE77F /* Main Tab Bar Views */ = {
			isa = PBXGroup;
			children = (
				813BEFE9226E9B5F008AC632 /* FeedSwitcher.swift */,
				810DC93F23145599008F055B /* First 3 Views on First Tab */,
				7E312B4C212CA116009D7F83 /* MainTabController.swift */,
				81BC1F192234361B00E50D21 /* ReviewStuff */,
				815292D42316C756008AB219 /* Map Stuff(3rd VC) */,
				81A8B5282389E27E000C8E34 /* CoffeeShopView.swift */,
				81BC1F18223435A900E50D21 /* ProfileStuff(5th VC) */,
			);
			path = "Main Tab Bar Views";
			sourceTree = "<group>";
		};
		815292D42316C756008AB219 /* Map Stuff(3rd VC) */ = {
			isa = PBXGroup;
			children = (
			);
			path = "Map Stuff(3rd VC)";
			sourceTree = "<group>";
		};
		815292D52316C7E1008AB219 /* Stuff I never use */ = {
			isa = PBXGroup;
			children = (
				8166FFFC24468BF600C9705D /* GoogleService-Info.plist */,
				7E312B2E212C98E3009D7F83 /* AppDelegate.swift */,
				813CBD13219DE03E00661736 /* FeedPageViewController.swift */,
				81EA171F2180FC92003388DA /* AppLoadingViewController.swift */,
				7E312B39212C98E3009D7F83 /* LaunchScreen.storyboard */,
			);
			path = "Stuff I never use";
			sourceTree = "<group>";
		};
		81ADB2C6FCFA71631D2CCC77 /* Frameworks */ = {
			isa = PBXGroup;
			children = (
				ABE5188F47E28591D566832E /* Pods_MoJoe.framework */,
			);
			name = Frameworks;
			sourceTree = "<group>";
		};
		81BC1F18223435A900E50D21 /* ProfileStuff(5th VC) */ = {
			isa = PBXGroup;
			children = (
				81AD0BD7242BE55D00B17C62 /* UserLikesViewController.swift */,
				8139D206242A94E1004EC947 /* likedPostTableViewCell.swift */,
				8154DA0123CB98AE00F61909 /* EditProfile.swift */,
				81F8B8FE23A8408F0074F03C /* currentUserShops.swift */,
				81F8B90023A840A80074F03C /* CurrentUserBrews.swift */,
				81D87F5F2356198C00CDDC84 /* setUpProfileView.swift */,
				819221A8234E311400F6E876 /* OtherUserProfilePage.swift */,
				7E312B46212C9E30009D7F83 /* FifthViewController.swift */,
			);
			path = "ProfileStuff(5th VC)";
			sourceTree = "<group>";
		};
		81BC1F192234361B00E50D21 /* ReviewStuff */ = {
			isa = PBXGroup;
			children = (
				81F3444A21FE4E9500DF0E9F /* VisitReviewViewController.swift */,
			);
			path = ReviewStuff;
			sourceTree = "<group>";
		};
		81BCD3DD22D2C7F5003D0640 /* Shop Review Files */ = {
			isa = PBXGroup;
			children = (
				819109A922FA427100F776F6 /* CommentsForShopReview.swift */,
				819109AD22FA61F000F776F6 /* PostCellOnCommentsPage.swift */,
				811B3F0622AAE21E006883D9 /* ShopTagReviewFeedCVCell.swift */,
				81A4570922766814008DF6D4 /* ShopReviewCell.swift */,
				81A4570B22766D71008DF6D4 /* ShopReviewSheet.swift */,
				81A45707227662E5008DF6D4 /* ShopReview.swift */,
				8126B18723311FEE0004E885 /* comment.swift */,
				81964B6723294FF100AE9F91 /* PostViewOnCommentsPage.swift */,
				81964B6523294DFA00AE9F91 /* PostComment.swift */,
			);
			path = "Shop Review Files";
			sourceTree = "<group>";
		};
		81E6CD6C2248080000969B42 /* CustomMadeReviewCells */ = {
			isa = PBXGroup;
			children = (
				81E6CD6D224808AD00969B42 /* CMICell.swift */,
				81E6CD662248076D00969B42 /* CMRoastCell.swift */,
				81E6CD682248078600969B42 /* CMRatingCell.swift */,
				81E6CD622247F7AE00969B42 /* CMRcell.swift */,
				81E6CD642247F97E00969B42 /* CMBCell.swift */,
				81E6CD6A224807F300969B42 /* CMLCell.swift */,
				81A457152276C1EA008DF6D4 /* SRCoffeeTypeCell.swift */,
				81A457112276714D008DF6D4 /* SRRatingCell.swift */,
				81A4571322767169008DF6D4 /* SRReviewCell.swift */,
				81A4570D22767075008DF6D4 /* SRLocationCell.swift */,
			);
			path = CustomMadeReviewCells;
			sourceTree = "<group>";
		};
		81F3444921FE4DEF00DF0E9F /* Register or Login Views */ = {
			isa = PBXGroup;
			children = (
				7E312B4A212CA01B009D7F83 /* InitialViewController.swift */,
				8152A5BA217969FD003D7B0A /* RealLoginViewController.swift */,
				8141909B21E18B5B000BE77F /* EmailRegistrationViewController.swift */,
			);
			path = "Register or Login Views";
			sourceTree = "<group>";
		};
		81FE6AE821E3EEAA0008B9A4 /* Models */ = {
			isa = PBXGroup;
			children = (
				81AD0BD5242ACAB500B17C62 /* GenericPostForLikes.swift */,
				813C126223E63BFD00040C55 /* OtherUserImageCollectionViewCell.swift */,
				8183C88823E36929009A91AC /* UserPostPictureCollectionViewCell.swift */,
				8183C88623E0BF9B009A91AC /* UserGenericPost.swift */,
				815FF81723466AB3002F4D88 /* BrewDebutCommentCell.swift */,
				81846AC0234646BC00296A92 /* CommentsForBrewDebut.swift */,
				81BCD3DB22D137D4003D0640 /* Date.swift */,
				81A4571B2278A508008DF6D4 /* SingleLabelCollectionViewCell.swift */,
				81E6CD6C2248080000969B42 /* CustomMadeReviewCells */,
				81EDC5AF22445B1F0095F59A /* RoundButton.swift */,
				8150997E22739CAA00B81B8E /* BrewDebutCell.swift */,
				8150997C22736C5A00B81B8E /* BrewDebut.swift */,
				81B668DF21FFA5DA00BBC025 /* ReviewHelper.swift */,
				816264B7224A88E100202A69 /* BrewTypeCVCell.swift */,
				81FE6AE621E3E6720008B9A4 /* User.swift */,
				81A2CD28224D1B2200D5479E /* RoastTypeCVCell.swift */,
			);
			path = Models;
			sourceTree = "<group>";
		};
/* End PBXGroup section */

/* Begin PBXNativeTarget section */
		7E312B2A212C98E3009D7F83 /* MoJoe */ = {
			isa = PBXNativeTarget;
			buildConfigurationList = 7E312B3F212C98E3009D7F83 /* Build configuration list for PBXNativeTarget "MoJoe" */;
			buildPhases = (
				4F849388545840523A60817C /* [CP] Check Pods Manifest.lock */,
				7E312B27212C98E3009D7F83 /* Sources */,
				7E312B28212C98E3009D7F83 /* Frameworks */,
				7E312B29212C98E3009D7F83 /* Resources */,
				5DBA17026095EB2EF58BE657 /* [CP] Embed Pods Frameworks */,
			);
			buildRules = (
			);
			dependencies = (
			);
			name = MoJoe;
			productName = MoJoe;
			productReference = 7E312B2B212C98E3009D7F83 /* MoJoe.app */;
			productType = "com.apple.product-type.application";
		};
/* End PBXNativeTarget section */

/* Begin PBXProject section */
		7E312B23212C98E3009D7F83 /* Project object */ = {
			isa = PBXProject;
			attributes = {
				LastSwiftUpdateCheck = 0920;
				LastUpgradeCheck = 0940;
				ORGANIZATIONNAME = "Daniel Grant";
				TargetAttributes = {
					7E312B2A212C98E3009D7F83 = {
						CreatedOnToolsVersion = 9.2;
						LastSwiftMigration = 1020;
						ProvisioningStyle = Automatic;
						SystemCapabilities = {
							com.apple.Keychain = {
								enabled = 1;
							};
						};
					};
				};
			};
			buildConfigurationList = 7E312B26212C98E3009D7F83 /* Build configuration list for PBXProject "MoJoe" */;
			compatibilityVersion = "Xcode 8.0";
			developmentRegion = en;
			hasScannedForEncodings = 0;
			knownRegions = (
				en,
				Base,
			);
			mainGroup = 7E312B22212C98E3009D7F83;
			productRefGroup = 7E312B2C212C98E3009D7F83 /* Products */;
			projectDirPath = "";
			projectRoot = "";
			targets = (
				7E312B2A212C98E3009D7F83 /* MoJoe */,
			);
		};
/* End PBXProject section */

/* Begin PBXResourcesBuildPhase section */
		7E312B29212C98E3009D7F83 /* Resources */ = {
			isa = PBXResourcesBuildPhase;
			buildActionMask = 2147483647;
			files = (
				7E312B3B212C98E3009D7F83 /* LaunchScreen.storyboard in Resources */,
				8166FFFD24468BF600C9705D /* GoogleService-Info.plist in Resources */,
				7E312B38212C98E3009D7F83 /* Assets.xcassets in Resources */,
				7E312B36212C98E3009D7F83 /* Main.storyboard in Resources */,
			);
			runOnlyForDeploymentPostprocessing = 0;
		};
/* End PBXResourcesBuildPhase section */

/* Begin PBXShellScriptBuildPhase section */
		4F849388545840523A60817C /* [CP] Check Pods Manifest.lock */ = {
			isa = PBXShellScriptBuildPhase;
			buildActionMask = 2147483647;
			files = (
			);
			inputFileListPaths = (
			);
			inputPaths = (
				"${PODS_PODFILE_DIR_PATH}/Podfile.lock",
				"${PODS_ROOT}/Manifest.lock",
			);
			name = "[CP] Check Pods Manifest.lock";
			outputFileListPaths = (
			);
			outputPaths = (
				"$(DERIVED_FILE_DIR)/Pods-MoJoe-checkManifestLockResult.txt",
			);
			runOnlyForDeploymentPostprocessing = 0;
			shellPath = /bin/sh;
			shellScript = "diff \"${PODS_PODFILE_DIR_PATH}/Podfile.lock\" \"${PODS_ROOT}/Manifest.lock\" > /dev/null\nif [ $? != 0 ] ; then\n    # print error to STDERR\n    echo \"error: The sandbox is not in sync with the Podfile.lock. Run 'pod install' or update your CocoaPods installation.\" >&2\n    exit 1\nfi\n# This output is used by Xcode 'outputs' to avoid re-running this script phase.\necho \"SUCCESS\" > \"${SCRIPT_OUTPUT_FILE_0}\"\n";
			showEnvVarsInLog = 0;
		};
		5DBA17026095EB2EF58BE657 /* [CP] Embed Pods Frameworks */ = {
			isa = PBXShellScriptBuildPhase;
			buildActionMask = 2147483647;
			files = (
			);
			inputPaths = (
				"${PODS_ROOT}/Target Support Files/Pods-MoJoe/Pods-MoJoe-frameworks.sh",
				"${BUILT_PRODUCTS_DIR}/Alamofire/Alamofire.framework",
				"${BUILT_PRODUCTS_DIR}/AlamofireObjectMapper/AlamofireObjectMapper.framework",
				"${BUILT_PRODUCTS_DIR}/CDYelpFusionKit/CDYelpFusionKit.framework",
				"${BUILT_PRODUCTS_DIR}/GTMSessionFetcher/GTMSessionFetcher.framework",
				"${BUILT_PRODUCTS_DIR}/GoogleUtilities/GoogleUtilities.framework",
				"${BUILT_PRODUCTS_DIR}/ObjectMapper/ObjectMapper.framework",
				"${BUILT_PRODUCTS_DIR}/PromisesObjC/FBLPromises.framework",
				"${BUILT_PRODUCTS_DIR}/leveldb-library/leveldb.framework",
				"${BUILT_PRODUCTS_DIR}/nanopb/nanopb.framework",
			);
			name = "[CP] Embed Pods Frameworks";
			outputPaths = (
				"${TARGET_BUILD_DIR}/${FRAMEWORKS_FOLDER_PATH}/Alamofire.framework",
				"${TARGET_BUILD_DIR}/${FRAMEWORKS_FOLDER_PATH}/AlamofireObjectMapper.framework",
				"${TARGET_BUILD_DIR}/${FRAMEWORKS_FOLDER_PATH}/CDYelpFusionKit.framework",
				"${TARGET_BUILD_DIR}/${FRAMEWORKS_FOLDER_PATH}/GTMSessionFetcher.framework",
				"${TARGET_BUILD_DIR}/${FRAMEWORKS_FOLDER_PATH}/GoogleUtilities.framework",
				"${TARGET_BUILD_DIR}/${FRAMEWORKS_FOLDER_PATH}/ObjectMapper.framework",
				"${TARGET_BUILD_DIR}/${FRAMEWORKS_FOLDER_PATH}/FBLPromises.framework",
				"${TARGET_BUILD_DIR}/${FRAMEWORKS_FOLDER_PATH}/leveldb.framework",
				"${TARGET_BUILD_DIR}/${FRAMEWORKS_FOLDER_PATH}/nanopb.framework",
			);
			runOnlyForDeploymentPostprocessing = 0;
			shellPath = /bin/sh;
			shellScript = "\"${PODS_ROOT}/Target Support Files/Pods-MoJoe/Pods-MoJoe-frameworks.sh\"\n";
			showEnvVarsInLog = 0;
		};
/* End PBXShellScriptBuildPhase section */

/* Begin PBXSourcesBuildPhase section */
		7E312B27212C98E3009D7F83 /* Sources */ = {
			isa = PBXSourcesBuildPhase;
			buildActionMask = 2147483647;
			files = (
				81E6CD6B224807F300969B42 /* CMLCell.swift in Sources */,
				81A4571C2278A508008DF6D4 /* SingleLabelCollectionViewCell.swift in Sources */,
				8126B18823311FEE0004E885 /* comment.swift in Sources */,
				813BEFEA226E9B5F008AC632 /* FeedSwitcher.swift in Sources */,
				81BCD3DC22D137D4003D0640 /* Date.swift in Sources */,
				81A4570E22767075008DF6D4 /* SRLocationCell.swift in Sources */,
				81F8B8FF23A8408F0074F03C /* currentUserShops.swift in Sources */,
				81A4571422767169008DF6D4 /* SRReviewCell.swift in Sources */,
				811B3F0722AAE21E006883D9 /* ShopTagReviewFeedCVCell.swift in Sources */,
				81AD0BD8242BE55D00B17C62 /* UserLikesViewController.swift in Sources */,
				81E6CD652247F97E00969B42 /* CMBCell.swift in Sources */,
				81A4570C22766D71008DF6D4 /* ShopReviewSheet.swift in Sources */,
				819109AA22FA427100F776F6 /* CommentsForShopReview.swift in Sources */,
				8141909C21E18B5B000BE77F /* EmailRegistrationViewController.swift in Sources */,
				81E6CD692248078600969B42 /* CMRatingCell.swift in Sources */,
				81A457162276C1EA008DF6D4 /* SRCoffeeTypeCell.swift in Sources */,
				81B668E021FFA5DA00BBC025 /* ReviewHelper.swift in Sources */,
				81964B6823294FF100AE9F91 /* PostViewOnCommentsPage.swift in Sources */,
				7E312B47212C9E30009D7F83 /* FifthViewController.swift in Sources */,
				81A8B5292389E27E000C8E34 /* CoffeeShopView.swift in Sources */,
				81A4570A22766814008DF6D4 /* ShopReviewCell.swift in Sources */,
				81EA17202180FC92003388DA /* AppLoadingViewController.swift in Sources */,
				8139D207242A94E1004EC947 /* likedPostTableViewCell.swift in Sources */,
				813CBD14219DE03E00661736 /* FeedPageViewController.swift in Sources */,
				81E6CD6E224808AD00969B42 /* CMICell.swift in Sources */,
				816D7E03246C67B600B925E5 /* DebutYourBrew.swift in Sources */,
				8150997D22736C5A00B81B8E /* BrewDebut.swift in Sources */,
				811C6EC02198A06500DA8B19 /* NearbyFeedViewController.swift in Sources */,
				81846AC1234646BC00296A92 /* CommentsForBrewDebut.swift in Sources */,
				81964B6623294DFA00AE9F91 /* PostComment.swift in Sources */,
				7E312B4B212CA01B009D7F83 /* InitialViewController.swift in Sources */,
				81A457122276714D008DF6D4 /* SRRatingCell.swift in Sources */,
				81D87F602356198C00CDDC84 /* setUpProfileView.swift in Sources */,
				81A45708227662E5008DF6D4 /* ShopReview.swift in Sources */,
				81F8B90123A840A80074F03C /* CurrentUserBrews.swift in Sources */,
				81A2CD29224D1B2200D5479E /* RoastTypeCVCell.swift in Sources */,
				81EDC5B022445B200095F59A /* RoundButton.swift in Sources */,
				816264B8224A88E100202A69 /* BrewTypeCVCell.swift in Sources */,
				8152A5BB217969FD003D7B0A /* RealLoginViewController.swift in Sources */,
				81AD0BD6242ACAB500B17C62 /* GenericPostForLikes.swift in Sources */,
				81ACF54023F321AC00610AF3 /* GenericPostTableViewCell.swift in Sources */,
				7E312B4D212CA116009D7F83 /* MainTabController.swift in Sources */,
				8154DA0223CB98AE00F61909 /* EditProfile.swift in Sources */,
				7E312B2F212C98E3009D7F83 /* AppDelegate.swift in Sources */,
				81E6CD672248076D00969B42 /* CMRoastCell.swift in Sources */,
				8183C88723E0BF9B009A91AC /* UserGenericPost.swift in Sources */,
				81F3444B21FE4E9500DF0E9F /* VisitReviewViewController.swift in Sources */,
				81E6CD632247F7AE00969B42 /* CMRcell.swift in Sources */,
				8150997F22739CAA00B81B8E /* BrewDebutCell.swift in Sources */,
				819221A9234E311400F6E876 /* OtherUserProfilePage.swift in Sources */,
				81FE6AE721E3E6720008B9A4 /* User.swift in Sources */,
				8183C88923E3692A009A91AC /* UserPostPictureCollectionViewCell.swift in Sources */,
				819109AE22FA61F000F776F6 /* PostCellOnCommentsPage.swift in Sources */,
				813C126323E63BFD00040C55 /* OtherUserImageCollectionViewCell.swift in Sources */,
				813BEFEC226F91EB008AC632 /* ShopsFeedView.swift in Sources */,
				815FF81823466AB3002F4D88 /* BrewDebutCommentCell.swift in Sources */,
			);
			runOnlyForDeploymentPostprocessing = 0;
		};
/* End PBXSourcesBuildPhase section */

/* Begin PBXVariantGroup section */
		7E312B34212C98E3009D7F83 /* Main.storyboard */ = {
			isa = PBXVariantGroup;
			children = (
				7E312B35212C98E3009D7F83 /* Base */,
			);
			name = Main.storyboard;
			sourceTree = "<group>";
		};
		7E312B39212C98E3009D7F83 /* LaunchScreen.storyboard */ = {
			isa = PBXVariantGroup;
			children = (
				7E312B3A212C98E3009D7F83 /* Base */,
			);
			name = LaunchScreen.storyboard;
			sourceTree = "<group>";
		};
/* End PBXVariantGroup section */

/* Begin XCBuildConfiguration section */
		7E312B3D212C98E3009D7F83 /* Debug */ = {
			isa = XCBuildConfiguration;
			buildSettings = {
				ALWAYS_SEARCH_USER_PATHS = NO;
				CLANG_ANALYZER_NONNULL = YES;
				CLANG_ANALYZER_NUMBER_OBJECT_CONVERSION = YES_AGGRESSIVE;
				CLANG_CXX_LANGUAGE_STANDARD = "gnu++14";
				CLANG_CXX_LIBRARY = "libc++";
				CLANG_ENABLE_MODULES = YES;
				CLANG_ENABLE_OBJC_ARC = YES;
				CLANG_WARN_BLOCK_CAPTURE_AUTORELEASING = YES;
				CLANG_WARN_BOOL_CONVERSION = YES;
				CLANG_WARN_COMMA = YES;
				CLANG_WARN_CONSTANT_CONVERSION = YES;
				CLANG_WARN_DEPRECATED_OBJC_IMPLEMENTATIONS = YES;
				CLANG_WARN_DIRECT_OBJC_ISA_USAGE = YES_ERROR;
				CLANG_WARN_DOCUMENTATION_COMMENTS = YES;
				CLANG_WARN_EMPTY_BODY = YES;
				CLANG_WARN_ENUM_CONVERSION = YES;
				CLANG_WARN_INFINITE_RECURSION = YES;
				CLANG_WARN_INT_CONVERSION = YES;
				CLANG_WARN_NON_LITERAL_NULL_CONVERSION = YES;
				CLANG_WARN_OBJC_IMPLICIT_RETAIN_SELF = YES;
				CLANG_WARN_OBJC_LITERAL_CONVERSION = YES;
				CLANG_WARN_OBJC_ROOT_CLASS = YES_ERROR;
				CLANG_WARN_RANGE_LOOP_ANALYSIS = YES;
				CLANG_WARN_STRICT_PROTOTYPES = YES;
				CLANG_WARN_SUSPICIOUS_MOVE = YES;
				CLANG_WARN_UNGUARDED_AVAILABILITY = YES_AGGRESSIVE;
				CLANG_WARN_UNREACHABLE_CODE = YES;
				CLANG_WARN__DUPLICATE_METHOD_MATCH = YES;
				CODE_SIGN_IDENTITY = "iPhone Developer";
				COPY_PHASE_STRIP = NO;
				DEBUG_INFORMATION_FORMAT = dwarf;
				ENABLE_STRICT_OBJC_MSGSEND = YES;
				ENABLE_TESTABILITY = YES;
				GCC_C_LANGUAGE_STANDARD = gnu11;
				GCC_DYNAMIC_NO_PIC = NO;
				GCC_NO_COMMON_BLOCKS = YES;
				GCC_OPTIMIZATION_LEVEL = 0;
				GCC_PREPROCESSOR_DEFINITIONS = (
					"DEBUG=1",
					"$(inherited)",
				);
				GCC_WARN_64_TO_32_BIT_CONVERSION = YES;
				GCC_WARN_ABOUT_RETURN_TYPE = YES_ERROR;
				GCC_WARN_UNDECLARED_SELECTOR = YES;
				GCC_WARN_UNINITIALIZED_AUTOS = YES_AGGRESSIVE;
				GCC_WARN_UNUSED_FUNCTION = YES;
				GCC_WARN_UNUSED_VARIABLE = YES;
				IPHONEOS_DEPLOYMENT_TARGET = 11.2;
				MTL_ENABLE_DEBUG_INFO = YES;
				ONLY_ACTIVE_ARCH = YES;
				SDKROOT = iphoneos;
				SWIFT_ACTIVE_COMPILATION_CONDITIONS = DEBUG;
				SWIFT_OPTIMIZATION_LEVEL = "-Onone";
			};
			name = Debug;
		};
		7E312B3E212C98E3009D7F83 /* Release */ = {
			isa = XCBuildConfiguration;
			buildSettings = {
				ALWAYS_SEARCH_USER_PATHS = NO;
				CLANG_ANALYZER_NONNULL = YES;
				CLANG_ANALYZER_NUMBER_OBJECT_CONVERSION = YES_AGGRESSIVE;
				CLANG_CXX_LANGUAGE_STANDARD = "gnu++14";
				CLANG_CXX_LIBRARY = "libc++";
				CLANG_ENABLE_MODULES = YES;
				CLANG_ENABLE_OBJC_ARC = YES;
				CLANG_WARN_BLOCK_CAPTURE_AUTORELEASING = YES;
				CLANG_WARN_BOOL_CONVERSION = YES;
				CLANG_WARN_COMMA = YES;
				CLANG_WARN_CONSTANT_CONVERSION = YES;
				CLANG_WARN_DEPRECATED_OBJC_IMPLEMENTATIONS = YES;
				CLANG_WARN_DIRECT_OBJC_ISA_USAGE = YES_ERROR;
				CLANG_WARN_DOCUMENTATION_COMMENTS = YES;
				CLANG_WARN_EMPTY_BODY = YES;
				CLANG_WARN_ENUM_CONVERSION = YES;
				CLANG_WARN_INFINITE_RECURSION = YES;
				CLANG_WARN_INT_CONVERSION = YES;
				CLANG_WARN_NON_LITERAL_NULL_CONVERSION = YES;
				CLANG_WARN_OBJC_IMPLICIT_RETAIN_SELF = YES;
				CLANG_WARN_OBJC_LITERAL_CONVERSION = YES;
				CLANG_WARN_OBJC_ROOT_CLASS = YES_ERROR;
				CLANG_WARN_RANGE_LOOP_ANALYSIS = YES;
				CLANG_WARN_STRICT_PROTOTYPES = YES;
				CLANG_WARN_SUSPICIOUS_MOVE = YES;
				CLANG_WARN_UNGUARDED_AVAILABILITY = YES_AGGRESSIVE;
				CLANG_WARN_UNREACHABLE_CODE = YES;
				CLANG_WARN__DUPLICATE_METHOD_MATCH = YES;
				CODE_SIGN_IDENTITY = "iPhone Developer";
				COPY_PHASE_STRIP = NO;
				DEBUG_INFORMATION_FORMAT = "dwarf-with-dsym";
				ENABLE_NS_ASSERTIONS = NO;
				ENABLE_STRICT_OBJC_MSGSEND = YES;
				GCC_C_LANGUAGE_STANDARD = gnu11;
				GCC_NO_COMMON_BLOCKS = YES;
				GCC_WARN_64_TO_32_BIT_CONVERSION = YES;
				GCC_WARN_ABOUT_RETURN_TYPE = YES_ERROR;
				GCC_WARN_UNDECLARED_SELECTOR = YES;
				GCC_WARN_UNINITIALIZED_AUTOS = YES_AGGRESSIVE;
				GCC_WARN_UNUSED_FUNCTION = YES;
				GCC_WARN_UNUSED_VARIABLE = YES;
				IPHONEOS_DEPLOYMENT_TARGET = 11.2;
				MTL_ENABLE_DEBUG_INFO = NO;
				SDKROOT = iphoneos;
				SWIFT_OPTIMIZATION_LEVEL = "-Owholemodule";
				VALIDATE_PRODUCT = YES;
			};
			name = Release;
		};
		7E312B40212C98E3009D7F83 /* Debug */ = {
			isa = XCBuildConfiguration;
			baseConfigurationReference = 97D18275BB04A6374CA5EF50 /* Pods-MoJoe.debug.xcconfig */;
			buildSettings = {
				ASSETCATALOG_COMPILER_APPICON_NAME = AppIcon;
				CODE_SIGN_ENTITLEMENTS = MoJoe/MoJoe.entitlements;
				"CODE_SIGN_IDENTITY[sdk=iphoneos*]" = "iPhone Developer";
				CODE_SIGN_STYLE = Automatic;
				CURRENT_PROJECT_VERSION = 8;
				DEVELOPMENT_TEAM = H9YG269PFG;
				INFOPLIST_FILE = MoJoe/Info.plist;
				LD_RUNPATH_SEARCH_PATHS = "$(inherited) @executable_path/Frameworks";
				PRODUCT_BUNDLE_IDENTIFIER = com.daniel.grant.YoJoe;
				PRODUCT_NAME = "$(TARGET_NAME)";
				PROVISIONING_PROFILE_SPECIFIER = "";
				STRIP_INSTALLED_PRODUCT = YES;
				SWIFT_VERSION = 5.0;
				TARGETED_DEVICE_FAMILY = "1,2";
			};
			name = Debug;
		};
		7E312B41212C98E3009D7F83 /* Release */ = {
			isa = XCBuildConfiguration;
			baseConfigurationReference = 68B6CEEA1D516D622CE5F1CC /* Pods-MoJoe.release.xcconfig */;
			buildSettings = {
				ASSETCATALOG_COMPILER_APPICON_NAME = AppIcon;
				CODE_SIGN_ENTITLEMENTS = MoJoe/MoJoe.entitlements;
				"CODE_SIGN_IDENTITY[sdk=iphoneos*]" = "iPhone Developer";
				CODE_SIGN_STYLE = Automatic;
				CURRENT_PROJECT_VERSION = 8;
				DEVELOPMENT_TEAM = H9YG269PFG;
				INFOPLIST_FILE = MoJoe/Info.plist;
				LD_RUNPATH_SEARCH_PATHS = "$(inherited) @executable_path/Frameworks";
				PRODUCT_BUNDLE_IDENTIFIER = com.daniel.grant.YoJoe;
				PRODUCT_NAME = "$(TARGET_NAME)";
				PROVISIONING_PROFILE_SPECIFIER = "";
				SWIFT_VERSION = 5.0;
				TARGETED_DEVICE_FAMILY = "1,2";
			};
			name = Release;
		};
/* End XCBuildConfiguration section */

/* Begin XCConfigurationList section */
		7E312B26212C98E3009D7F83 /* Build configuration list for PBXProject "MoJoe" */ = {
			isa = XCConfigurationList;
			buildConfigurations = (
				7E312B3D212C98E3009D7F83 /* Debug */,
				7E312B3E212C98E3009D7F83 /* Release */,
			);
			defaultConfigurationIsVisible = 0;
			defaultConfigurationName = Release;
		};
		7E312B3F212C98E3009D7F83 /* Build configuration list for PBXNativeTarget "MoJoe" */ = {
			isa = XCConfigurationList;
			buildConfigurations = (
				7E312B40212C98E3009D7F83 /* Debug */,
				7E312B41212C98E3009D7F83 /* Release */,
			);
			defaultConfigurationIsVisible = 0;
			defaultConfigurationName = Release;
		};
/* End XCConfigurationList section */
	};
	rootObject = 7E312B23212C98E3009D7F83 /* Project object */;
}
